// !$*UTF8*$!
{
	archiveVersion = 1;
	classes = {
	};
	objectVersion = 56;
	objects = {

/* Begin PBXBuildFile section */
		C600F2982AE9703C006BDB82 /* SwipeButtonView.swift in Sources */ = {isa = PBXBuildFile; fileRef = C600F2972AE9703C006BDB82 /* SwipeButtonView.swift */; };
		C60D06EA2ACC767000B1F5BC /* Model.swift in Sources */ = {isa = PBXBuildFile; fileRef = C60D06E92ACC767000B1F5BC /* Model.swift */; };
		C61B4E422AEACC8700869E67 /* ResourceListViewModel.swift in Sources */ = {isa = PBXBuildFile; fileRef = C61B4E412AEACC8700869E67 /* ResourceListViewModel.swift */; };
		C61B4E442AEACCE000869E67 /* ResourceListView.swift in Sources */ = {isa = PBXBuildFile; fileRef = C61B4E432AEACCE000869E67 /* ResourceListView.swift */; };
		C6214CFF2ACEA33900E242AC /* CourseInfoVC.swift in Sources */ = {isa = PBXBuildFile; fileRef = C6214CFE2ACEA33900E242AC /* CourseInfoVC.swift */; };
		C6214D012ACEA9FB00E242AC /* CoreDataManager.swift in Sources */ = {isa = PBXBuildFile; fileRef = C6214D002ACEA9FB00E242AC /* CoreDataManager.swift */; };
		C6214D032ACED68C00E242AC /* NewSemesterVC.swift in Sources */ = {isa = PBXBuildFile; fileRef = C6214D022ACED68C00E242AC /* NewSemesterVC.swift */; };
		C62D98F22AE05511008E61A8 /* ResourceView.swift in Sources */ = {isa = PBXBuildFile; fileRef = C62D98F12AE05511008E61A8 /* ResourceView.swift */; };
		C62D98F52AE0552F008E61A8 /* ResourceViewModel.swift in Sources */ = {isa = PBXBuildFile; fileRef = C62D98F42AE0552F008E61A8 /* ResourceViewModel.swift */; };
		C63B60612AE5558B00B9CFAA /* ProjectViewModel.swift in Sources */ = {isa = PBXBuildFile; fileRef = C63B60602AE5558B00B9CFAA /* ProjectViewModel.swift */; };
		C63B60632AE5559A00B9CFAA /* ProjectView.swift in Sources */ = {isa = PBXBuildFile; fileRef = C63B60622AE5559A00B9CFAA /* ProjectView.swift */; };
		C63BF2D22AD813DB00ED750A /* AssignmentEnum.swift in Sources */ = {isa = PBXBuildFile; fileRef = C63BF2D12AD813DA00ED750A /* AssignmentEnum.swift */; };
		C64591482ADBDD8C009163F1 /* AssignmentsListTVC.swift in Sources */ = {isa = PBXBuildFile; fileRef = C64591462ADBDD8C009163F1 /* AssignmentsListTVC.swift */; };
		C64591492ADBDD8C009163F1 /* AssignmentsListTVC.xib in Resources */ = {isa = PBXBuildFile; fileRef = C64591472ADBDD8C009163F1 /* AssignmentsListTVC.xib */; };
		C645914C2ADC27DE009163F1 /* AssignmentsInfoVC.swift in Sources */ = {isa = PBXBuildFile; fileRef = C645914A2ADC27DE009163F1 /* AssignmentsInfoVC.swift */; };
		C64591502ADC4F9D009163F1 /* Assignments.swift in Sources */ = {isa = PBXBuildFile; fileRef = C645914E2ADC4F9D009163F1 /* Assignments.swift */; };
		C64591512ADC4F9D009163F1 /* Assignments.xib in Resources */ = {isa = PBXBuildFile; fileRef = C645914F2ADC4F9D009163F1 /* Assignments.xib */; };
		C647748B2AE5240800FC0F08 /* AddProjectView.swift in Sources */ = {isa = PBXBuildFile; fileRef = C647748A2AE5240800FC0F08 /* AddProjectView.swift */; };
		C647748D2AE5241800FC0F08 /* AddProjectViewModel.swift in Sources */ = {isa = PBXBuildFile; fileRef = C647748C2AE5241800FC0F08 /* AddProjectViewModel.swift */; };
		C64BC8ED2ADED243001CD692 /* CustomDelegate.swift in Sources */ = {isa = PBXBuildFile; fileRef = C64BC8EC2ADED243001CD692 /* CustomDelegate.swift */; };
		C65552522ACD5BE4006019DE /* EditCourseVC.swift in Sources */ = {isa = PBXBuildFile; fileRef = C65552512ACD5BE4006019DE /* EditCourseVC.swift */; };
		C65E3D5E2AE2999300B1F474 /* AssignmentTVC.swift in Sources */ = {isa = PBXBuildFile; fileRef = C65E3D5C2AE2999300B1F474 /* AssignmentTVC.swift */; };
		C65E3D5F2AE2999300B1F474 /* AssignmentTVC.xib in Resources */ = {isa = PBXBuildFile; fileRef = C65E3D5D2AE2999300B1F474 /* AssignmentTVC.xib */; };
		C666DD412ADF175200654065 /* AssignmentView.swift in Sources */ = {isa = PBXBuildFile; fileRef = C666DD402ADF175200654065 /* AssignmentView.swift */; };
		C67777112AD305E2009B61BA /* UITouch+extention.swift in Sources */ = {isa = PBXBuildFile; fileRef = C67777102AD305E2009B61BA /* UITouch+extention.swift */; };
		C67777122AD305E2009B61BA /* UIAlerts+extention.swift in Sources */ = {isa = PBXBuildFile; fileRef = C677770F2AD305E2009B61BA /* UIAlerts+extention.swift */; };
		C67A34312AEA9C1600EF716C /* CourseInfoViewModel.swift in Sources */ = {isa = PBXBuildFile; fileRef = C67A34302AEA9C1600EF716C /* CourseInfoViewModel.swift */; };
		C67B73D62AE43DB10013AEB0 /* ProjectsViewModel.swift in Sources */ = {isa = PBXBuildFile; fileRef = C67B73D52AE43DB00013AEB0 /* ProjectsViewModel.swift */; };
		C681251E2AD0022B008DE83E /* CourseSectionHeaderView.swift in Sources */ = {isa = PBXBuildFile; fileRef = C681251C2AD0022B008DE83E /* CourseSectionHeaderView.swift */; };
		C681251F2AD0022B008DE83E /* CourseSectionHeaderView.xib in Resources */ = {isa = PBXBuildFile; fileRef = C681251D2AD0022B008DE83E /* CourseSectionHeaderView.xib */; };
		C68125212AD00A6A008DE83E /* EditSemesterVC.swift in Sources */ = {isa = PBXBuildFile; fileRef = C68125202AD00A6A008DE83E /* EditSemesterVC.swift */; };
		C682FA542AE9156000BA0DBC /* ScreenShot in Resources */ = {isa = PBXBuildFile; fileRef = C682FA532AE9156000BA0DBC /* ScreenShot */; };
		C689661B2ADFD75000A289F6 /* SignUpView.swift in Sources */ = {isa = PBXBuildFile; fileRef = C689661A2ADFD75000A289F6 /* SignUpView.swift */; };
		C689661D2ADFE0EC00A289F6 /* SignInView.swift in Sources */ = {isa = PBXBuildFile; fileRef = C689661C2ADFE0EC00A289F6 /* SignInView.swift */; };
		C689661F2ADFEB0300A289F6 /* HostingLoginVC.swift in Sources */ = {isa = PBXBuildFile; fileRef = C689661E2ADFEB0300A289F6 /* HostingLoginVC.swift */; };
		C68966212ADFF09900A289F6 /* HostingSignUpVC.swift in Sources */ = {isa = PBXBuildFile; fileRef = C68966202ADFF09900A289F6 /* HostingSignUpVC.swift */; };
		C68966232ADFF12E00A289F6 /* AuthNC.swift in Sources */ = {isa = PBXBuildFile; fileRef = C68966222ADFF12E00A289F6 /* AuthNC.swift */; };
		C68CE3632ADD2E06009411F9 /* COREDATA.md in Resources */ = {isa = PBXBuildFile; fileRef = C68CE3612ADD2E06009411F9 /* COREDATA.md */; };
		C68CE3642ADD2E06009411F9 /* README.md in Resources */ = {isa = PBXBuildFile; fileRef = C68CE3622ADD2E06009411F9 /* README.md */; };
		C68DF9CD2AB9FE93006B0F70 /* Model.xcdatamodeld in Sources */ = {isa = PBXBuildFile; fileRef = C68DF9CB2AB9FE93006B0F70 /* Model.xcdatamodeld */; };
		C6A1500A2ADFFB3C00115C59 /* CourseView.swift in Sources */ = {isa = PBXBuildFile; fileRef = C6A150092ADFFB3C00115C59 /* CourseView.swift */; };
		C6A1500C2AE005E000115C59 /* CourseViewModel.swift in Sources */ = {isa = PBXBuildFile; fileRef = C6A1500B2AE005E000115C59 /* CourseViewModel.swift */; };
		C6A1500F2AE01FE600115C59 /* ModeEnum.swift in Sources */ = {isa = PBXBuildFile; fileRef = C6A1500E2AE01FE600115C59 /* ModeEnum.swift */; };
		C6A150122AE026EF00115C59 /* AssignmentViewModel.swift in Sources */ = {isa = PBXBuildFile; fileRef = C6A150112AE026EF00115C59 /* AssignmentViewModel.swift */; };
		C6A150142AE02A3B00115C59 /* SemesterView.swift in Sources */ = {isa = PBXBuildFile; fileRef = C6A150132AE02A3B00115C59 /* SemesterView.swift */; };
		C6A150172AE02AD200115C59 /* SemesterViewModel.swift in Sources */ = {isa = PBXBuildFile; fileRef = C6A150162AE02AD200115C59 /* SemesterViewModel.swift */; };
		C6AE4BD72AD450FA0037C821 /* LinkTVC.swift in Sources */ = {isa = PBXBuildFile; fileRef = C6AE4BD52AD450FA0037C821 /* LinkTVC.swift */; };
		C6AE4BD82AD450FA0037C821 /* LinkTVC.xib in Resources */ = {isa = PBXBuildFile; fileRef = C6AE4BD62AD450FA0037C821 /* LinkTVC.xib */; };
		C6B2C7A32AE847D000913562 /* MockDataManager.swift in Sources */ = {isa = PBXBuildFile; fileRef = C6B2C7A22AE847CF00913562 /* MockDataManager.swift */; };
		C6BA53852ACD916D00924AD0 /* CourseDataManager.swift in Sources */ = {isa = PBXBuildFile; fileRef = C6BA53842ACD916D00924AD0 /* CourseDataManager.swift */; };
		C6BA53872ACDB4D800924AD0 /* SemesterEnum.swift in Sources */ = {isa = PBXBuildFile; fileRef = C6BA53862ACDB4D800924AD0 /* SemesterEnum.swift */; };
		C6C40F7B2AB2F70700E958C1 /* AppDelegate.swift in Sources */ = {isa = PBXBuildFile; fileRef = C6C40F7A2AB2F70700E958C1 /* AppDelegate.swift */; };
		C6C40F7D2AB2F70700E958C1 /* SceneDelegate.swift in Sources */ = {isa = PBXBuildFile; fileRef = C6C40F7C2AB2F70700E958C1 /* SceneDelegate.swift */; };
		C6C40F7F2AB2F70700E958C1 /* LoginVC.swift in Sources */ = {isa = PBXBuildFile; fileRef = C6C40F7E2AB2F70700E958C1 /* LoginVC.swift */; };
		C6C40F822AB2F70700E958C1 /* Main.storyboard in Resources */ = {isa = PBXBuildFile; fileRef = C6C40F802AB2F70700E958C1 /* Main.storyboard */; };
		C6C40F842AB2F70A00E958C1 /* Assets.xcassets in Resources */ = {isa = PBXBuildFile; fileRef = C6C40F832AB2F70A00E958C1 /* Assets.xcassets */; };
		C6C40F872AB2F70A00E958C1 /* LaunchScreen.storyboard in Resources */ = {isa = PBXBuildFile; fileRef = C6C40F852AB2F70A00E958C1 /* LaunchScreen.storyboard */; };
		C6C40F8F2AB2F81500E958C1 /* SignUpVC.swift in Sources */ = {isa = PBXBuildFile; fileRef = C6C40F8E2AB2F81500E958C1 /* SignUpVC.swift */; };
		C6C40F912AB301EA00E958C1 /* MainTabBarVC.swift in Sources */ = {isa = PBXBuildFile; fileRef = C6C40F902AB301EA00E958C1 /* MainTabBarVC.swift */; };
		C6C40F932AB3034300E958C1 /* CourseNC.swift in Sources */ = {isa = PBXBuildFile; fileRef = C6C40F922AB3034300E958C1 /* CourseNC.swift */; };
		C6C40F952AB3036200E958C1 /* CalendarNC.swift in Sources */ = {isa = PBXBuildFile; fileRef = C6C40F942AB3036200E958C1 /* CalendarNC.swift */; };
		C6C40F972AB3038000E958C1 /* AssignmentsNC.swift in Sources */ = {isa = PBXBuildFile; fileRef = C6C40F962AB3038000E958C1 /* AssignmentsNC.swift */; };
		C6C40F992AB3039B00E958C1 /* ProjectsNC.swift in Sources */ = {isa = PBXBuildFile; fileRef = C6C40F982AB3039B00E958C1 /* ProjectsNC.swift */; };
		C6C40F9B2AB3046D00E958C1 /* CourseVC.swift in Sources */ = {isa = PBXBuildFile; fileRef = C6C40F9A2AB3046D00E958C1 /* CourseVC.swift */; };
		C6C40F9D2AB3047B00E958C1 /* CalendarVC.swift in Sources */ = {isa = PBXBuildFile; fileRef = C6C40F9C2AB3047B00E958C1 /* CalendarVC.swift */; };
		C6C40F9F2AB3048900E958C1 /* AssignmentsVC.swift in Sources */ = {isa = PBXBuildFile; fileRef = C6C40F9E2AB3048900E958C1 /* AssignmentsVC.swift */; };
		C6C40FA12AB3049900E958C1 /* ProjectsVC.swift in Sources */ = {isa = PBXBuildFile; fileRef = C6C40FA02AB3049900E958C1 /* ProjectsVC.swift */; };
		C6C40FA32AB30E9F00E958C1 /* UserLogin.swift in Sources */ = {isa = PBXBuildFile; fileRef = C6C40FA22AB30E9F00E958C1 /* UserLogin.swift */; };
		C6C40FA62AB33B3A00E958C1 /* CourseTVC.swift in Sources */ = {isa = PBXBuildFile; fileRef = C6C40FA42AB33B3A00E958C1 /* CourseTVC.swift */; };
		C6C40FA72AB33B3A00E958C1 /* CourseTVC.xib in Resources */ = {isa = PBXBuildFile; fileRef = C6C40FA52AB33B3A00E958C1 /* CourseTVC.xib */; };
		C6CEB4E32AE9559600AB5CD3 /* CoursesListViewModel.swift in Sources */ = {isa = PBXBuildFile; fileRef = C6CEB4E22AE9559600AB5CD3 /* CoursesListViewModel.swift */; };
		C6CEB4E52AE955AA00AB5CD3 /* CoursesListView.swift in Sources */ = {isa = PBXBuildFile; fileRef = C6CEB4E42AE955AA00AB5CD3 /* CoursesListView.swift */; };
		C6CEB4E72AE95F1900AB5CD3 /* CourseRowView.swift in Sources */ = {isa = PBXBuildFile; fileRef = C6CEB4E62AE95F1900AB5CD3 /* CourseRowView.swift */; };
		C6CEB4E92AE95F5F00AB5CD3 /* CourseHeaderView.swift in Sources */ = {isa = PBXBuildFile; fileRef = C6CEB4E82AE95F5F00AB5CD3 /* CourseHeaderView.swift */; };
		C6CEB4EB2AE9624D00AB5CD3 /* CourseInfoView.swift in Sources */ = {isa = PBXBuildFile; fileRef = C6CEB4EA2AE9624D00AB5CD3 /* CourseInfoView.swift */; };
		C6D8D64D2AD40F85009A1F9F /* ResourcesTVC.swift in Sources */ = {isa = PBXBuildFile; fileRef = C6D8D64B2AD40F85009A1F9F /* ResourcesTVC.swift */; };
		C6D8D64E2AD40F85009A1F9F /* ResourcesTVC.xib in Resources */ = {isa = PBXBuildFile; fileRef = C6D8D64C2AD40F85009A1F9F /* ResourcesTVC.xib */; };
		C6D8D6522AD42575009A1F9F /* AddResourcesVC.swift in Sources */ = {isa = PBXBuildFile; fileRef = C6D8D6512AD42575009A1F9F /* AddResourcesVC.swift */; };
		C6DDF4AC2AE168B000A47EB7 /* CalendarKit in Frameworks */ = {isa = PBXBuildFile; productRef = C6DDF4AB2AE168B000A47EB7 /* CalendarKit */; };
		C6DDF4AE2AE16A9D00A47EB7 /* EKWrapper.swift in Sources */ = {isa = PBXBuildFile; fileRef = C6DDF4AD2AE16A9D00A47EB7 /* EKWrapper.swift */; };
		C6DDF4B32AE1904C00A47EB7 /* ProjectsView.swift in Sources */ = {isa = PBXBuildFile; fileRef = C6DDF4B22AE1904C00A47EB7 /* ProjectsView.swift */; };
		C6E8E0AF2AD5CBAE00FA56E9 /* ResourcesSectionHeaderView.swift in Sources */ = {isa = PBXBuildFile; fileRef = C6E8E0AE2AD5CBAE00FA56E9 /* ResourcesSectionHeaderView.swift */; };
		C6E8E0B12AD5CC9F00FA56E9 /* ResourcesSectionHeaderView.xib in Resources */ = {isa = PBXBuildFile; fileRef = C6E8E0B02AD5CC9F00FA56E9 /* ResourcesSectionHeaderView.xib */; };
		C6F745B12AB8764700780F90 /* AddCourseVC.swift in Sources */ = {isa = PBXBuildFile; fileRef = C6F745B02AB8764700780F90 /* AddCourseVC.swift */; };
		C6FAA7C22AE9328E00A6449A /* SemesterInfoView.swift in Sources */ = {isa = PBXBuildFile; fileRef = C6FAA7C12AE9328E00A6449A /* SemesterInfoView.swift */; };
		C6FAA7C42AE932A000A6449A /* SemesterInfoViewModel.swift in Sources */ = {isa = PBXBuildFile; fileRef = C6FAA7C32AE932A000A6449A /* SemesterInfoViewModel.swift */; };
/* End PBXBuildFile section */

/* Begin PBXFileReference section */
		C600F2972AE9703C006BDB82 /* SwipeButtonView.swift */ = {isa = PBXFileReference; lastKnownFileType = sourcecode.swift; path = SwipeButtonView.swift; sourceTree = "<group>"; };
		C60D06E92ACC767000B1F5BC /* Model.swift */ = {isa = PBXFileReference; lastKnownFileType = sourcecode.swift; path = Model.swift; sourceTree = "<group>"; };
		C61B4E412AEACC8700869E67 /* ResourceListViewModel.swift */ = {isa = PBXFileReference; lastKnownFileType = sourcecode.swift; path = ResourceListViewModel.swift; sourceTree = "<group>"; };
		C61B4E432AEACCE000869E67 /* ResourceListView.swift */ = {isa = PBXFileReference; lastKnownFileType = sourcecode.swift; path = ResourceListView.swift; sourceTree = "<group>"; };
		C6214CFE2ACEA33900E242AC /* CourseInfoVC.swift */ = {isa = PBXFileReference; lastKnownFileType = sourcecode.swift; path = CourseInfoVC.swift; sourceTree = "<group>"; };
		C6214D002ACEA9FB00E242AC /* CoreDataManager.swift */ = {isa = PBXFileReference; lastKnownFileType = sourcecode.swift; path = CoreDataManager.swift; sourceTree = "<group>"; };
		C6214D022ACED68C00E242AC /* NewSemesterVC.swift */ = {isa = PBXFileReference; lastKnownFileType = sourcecode.swift; path = NewSemesterVC.swift; sourceTree = "<group>"; };
		C62D98F12AE05511008E61A8 /* ResourceView.swift */ = {isa = PBXFileReference; lastKnownFileType = sourcecode.swift; path = ResourceView.swift; sourceTree = "<group>"; };
		C62D98F42AE0552F008E61A8 /* ResourceViewModel.swift */ = {isa = PBXFileReference; lastKnownFileType = sourcecode.swift; path = ResourceViewModel.swift; sourceTree = "<group>"; };
		C63B60602AE5558B00B9CFAA /* ProjectViewModel.swift */ = {isa = PBXFileReference; lastKnownFileType = sourcecode.swift; path = ProjectViewModel.swift; sourceTree = "<group>"; };
		C63B60622AE5559A00B9CFAA /* ProjectView.swift */ = {isa = PBXFileReference; lastKnownFileType = sourcecode.swift; path = ProjectView.swift; sourceTree = "<group>"; };
		C63BF2D12AD813DA00ED750A /* AssignmentEnum.swift */ = {isa = PBXFileReference; lastKnownFileType = sourcecode.swift; path = AssignmentEnum.swift; sourceTree = "<group>"; };
		C64591462ADBDD8C009163F1 /* AssignmentsListTVC.swift */ = {isa = PBXFileReference; lastKnownFileType = sourcecode.swift; path = AssignmentsListTVC.swift; sourceTree = "<group>"; };
		C64591472ADBDD8C009163F1 /* AssignmentsListTVC.xib */ = {isa = PBXFileReference; lastKnownFileType = file.xib; path = AssignmentsListTVC.xib; sourceTree = "<group>"; };
		C645914A2ADC27DE009163F1 /* AssignmentsInfoVC.swift */ = {isa = PBXFileReference; lastKnownFileType = sourcecode.swift; path = AssignmentsInfoVC.swift; sourceTree = "<group>"; };
		C645914E2ADC4F9D009163F1 /* Assignments.swift */ = {isa = PBXFileReference; lastKnownFileType = sourcecode.swift; path = Assignments.swift; sourceTree = "<group>"; };
		C645914F2ADC4F9D009163F1 /* Assignments.xib */ = {isa = PBXFileReference; lastKnownFileType = file.xib; path = Assignments.xib; sourceTree = "<group>"; };
		C647748A2AE5240800FC0F08 /* AddProjectView.swift */ = {isa = PBXFileReference; lastKnownFileType = sourcecode.swift; path = AddProjectView.swift; sourceTree = "<group>"; };
		C647748C2AE5241800FC0F08 /* AddProjectViewModel.swift */ = {isa = PBXFileReference; lastKnownFileType = sourcecode.swift; path = AddProjectViewModel.swift; sourceTree = "<group>"; };
		C64BC8EC2ADED243001CD692 /* CustomDelegate.swift */ = {isa = PBXFileReference; lastKnownFileType = sourcecode.swift; path = CustomDelegate.swift; sourceTree = "<group>"; };
		C65552512ACD5BE4006019DE /* EditCourseVC.swift */ = {isa = PBXFileReference; lastKnownFileType = sourcecode.swift; path = EditCourseVC.swift; sourceTree = "<group>"; };
		C65E3D5C2AE2999300B1F474 /* AssignmentTVC.swift */ = {isa = PBXFileReference; lastKnownFileType = sourcecode.swift; path = AssignmentTVC.swift; sourceTree = "<group>"; };
		C65E3D5D2AE2999300B1F474 /* AssignmentTVC.xib */ = {isa = PBXFileReference; lastKnownFileType = file.xib; path = AssignmentTVC.xib; sourceTree = "<group>"; };
		C666DD402ADF175200654065 /* AssignmentView.swift */ = {isa = PBXFileReference; lastKnownFileType = sourcecode.swift; path = AssignmentView.swift; sourceTree = "<group>"; };
		C677770F2AD305E2009B61BA /* UIAlerts+extention.swift */ = {isa = PBXFileReference; lastKnownFileType = sourcecode.swift; path = "UIAlerts+extention.swift"; sourceTree = "<group>"; };
		C67777102AD305E2009B61BA /* UITouch+extention.swift */ = {isa = PBXFileReference; lastKnownFileType = sourcecode.swift; path = "UITouch+extention.swift"; sourceTree = "<group>"; };
		C67A34302AEA9C1600EF716C /* CourseInfoViewModel.swift */ = {isa = PBXFileReference; lastKnownFileType = sourcecode.swift; path = CourseInfoViewModel.swift; sourceTree = "<group>"; };
		C67B73D52AE43DB00013AEB0 /* ProjectsViewModel.swift */ = {isa = PBXFileReference; lastKnownFileType = sourcecode.swift; path = ProjectsViewModel.swift; sourceTree = "<group>"; };
		C681251C2AD0022B008DE83E /* CourseSectionHeaderView.swift */ = {isa = PBXFileReference; lastKnownFileType = sourcecode.swift; path = CourseSectionHeaderView.swift; sourceTree = "<group>"; };
		C681251D2AD0022B008DE83E /* CourseSectionHeaderView.xib */ = {isa = PBXFileReference; lastKnownFileType = file.xib; path = CourseSectionHeaderView.xib; sourceTree = "<group>"; };
		C68125202AD00A6A008DE83E /* EditSemesterVC.swift */ = {isa = PBXFileReference; lastKnownFileType = sourcecode.swift; path = EditSemesterVC.swift; sourceTree = "<group>"; };
		C682FA532AE9156000BA0DBC /* ScreenShot */ = {isa = PBXFileReference; lastKnownFileType = folder; name = ScreenShot; path = "UX-Prototype/ScreenShot"; sourceTree = "<group>"; };
		C689661A2ADFD75000A289F6 /* SignUpView.swift */ = {isa = PBXFileReference; lastKnownFileType = sourcecode.swift; path = SignUpView.swift; sourceTree = "<group>"; };
		C689661C2ADFE0EC00A289F6 /* SignInView.swift */ = {isa = PBXFileReference; lastKnownFileType = sourcecode.swift; path = SignInView.swift; sourceTree = "<group>"; };
		C689661E2ADFEB0300A289F6 /* HostingLoginVC.swift */ = {isa = PBXFileReference; lastKnownFileType = sourcecode.swift; path = HostingLoginVC.swift; sourceTree = "<group>"; };
		C68966202ADFF09900A289F6 /* HostingSignUpVC.swift */ = {isa = PBXFileReference; lastKnownFileType = sourcecode.swift; path = HostingSignUpVC.swift; sourceTree = "<group>"; };
		C68966222ADFF12E00A289F6 /* AuthNC.swift */ = {isa = PBXFileReference; lastKnownFileType = sourcecode.swift; path = AuthNC.swift; sourceTree = "<group>"; };
		C68CE3612ADD2E06009411F9 /* COREDATA.md */ = {isa = PBXFileReference; fileEncoding = 4; lastKnownFileType = net.daringfireball.markdown; path = COREDATA.md; sourceTree = "<group>"; };
		C68CE3622ADD2E06009411F9 /* README.md */ = {isa = PBXFileReference; fileEncoding = 4; lastKnownFileType = net.daringfireball.markdown; path = README.md; sourceTree = "<group>"; };
		C68DF9CC2AB9FE93006B0F70 /* Model.xcdatamodel */ = {isa = PBXFileReference; lastKnownFileType = wrapper.xcdatamodel; path = Model.xcdatamodel; sourceTree = "<group>"; };
		C6A150092ADFFB3C00115C59 /* CourseView.swift */ = {isa = PBXFileReference; lastKnownFileType = sourcecode.swift; path = CourseView.swift; sourceTree = "<group>"; };
		C6A1500B2AE005E000115C59 /* CourseViewModel.swift */ = {isa = PBXFileReference; lastKnownFileType = sourcecode.swift; path = CourseViewModel.swift; sourceTree = "<group>"; };
		C6A1500E2AE01FE600115C59 /* ModeEnum.swift */ = {isa = PBXFileReference; lastKnownFileType = sourcecode.swift; path = ModeEnum.swift; sourceTree = "<group>"; };
		C6A150112AE026EF00115C59 /* AssignmentViewModel.swift */ = {isa = PBXFileReference; lastKnownFileType = sourcecode.swift; path = AssignmentViewModel.swift; sourceTree = "<group>"; };
		C6A150132AE02A3B00115C59 /* SemesterView.swift */ = {isa = PBXFileReference; lastKnownFileType = sourcecode.swift; path = SemesterView.swift; sourceTree = "<group>"; };
		C6A150162AE02AD200115C59 /* SemesterViewModel.swift */ = {isa = PBXFileReference; lastKnownFileType = sourcecode.swift; path = SemesterViewModel.swift; sourceTree = "<group>"; };
		C6AE4BD52AD450FA0037C821 /* LinkTVC.swift */ = {isa = PBXFileReference; lastKnownFileType = sourcecode.swift; path = LinkTVC.swift; sourceTree = "<group>"; };
		C6AE4BD62AD450FA0037C821 /* LinkTVC.xib */ = {isa = PBXFileReference; lastKnownFileType = file.xib; path = LinkTVC.xib; sourceTree = "<group>"; };
		C6AE6A102AE69B2F0074CB38 /* TREE.md */ = {isa = PBXFileReference; lastKnownFileType = net.daringfireball.markdown; path = TREE.md; sourceTree = "<group>"; };
		C6AE6A1A2AE6AE620074CB38 /* video1.MP4 */ = {isa = PBXFileReference; lastKnownFileType = file; path = video1.MP4; sourceTree = "<group>"; };
		C6B2C7A22AE847CF00913562 /* MockDataManager.swift */ = {isa = PBXFileReference; lastKnownFileType = sourcecode.swift; path = MockDataManager.swift; sourceTree = "<group>"; };
		C6BA53842ACD916D00924AD0 /* CourseDataManager.swift */ = {isa = PBXFileReference; lastKnownFileType = sourcecode.swift; path = CourseDataManager.swift; sourceTree = "<group>"; };
		C6BA53862ACDB4D800924AD0 /* SemesterEnum.swift */ = {isa = PBXFileReference; lastKnownFileType = sourcecode.swift; path = SemesterEnum.swift; sourceTree = "<group>"; };
		C6C40F772AB2F70700E958C1 /* UX-Prototype.app */ = {isa = PBXFileReference; explicitFileType = wrapper.application; includeInIndex = 0; path = "UX-Prototype.app"; sourceTree = BUILT_PRODUCTS_DIR; };
		C6C40F7A2AB2F70700E958C1 /* AppDelegate.swift */ = {isa = PBXFileReference; lastKnownFileType = sourcecode.swift; path = AppDelegate.swift; sourceTree = "<group>"; };
		C6C40F7C2AB2F70700E958C1 /* SceneDelegate.swift */ = {isa = PBXFileReference; lastKnownFileType = sourcecode.swift; path = SceneDelegate.swift; sourceTree = "<group>"; };
		C6C40F7E2AB2F70700E958C1 /* LoginVC.swift */ = {isa = PBXFileReference; lastKnownFileType = sourcecode.swift; path = LoginVC.swift; sourceTree = "<group>"; };
		C6C40F812AB2F70700E958C1 /* Base */ = {isa = PBXFileReference; lastKnownFileType = file.storyboard; name = Base; path = Base.lproj/Main.storyboard; sourceTree = "<group>"; };
		C6C40F832AB2F70A00E958C1 /* Assets.xcassets */ = {isa = PBXFileReference; lastKnownFileType = folder.assetcatalog; path = Assets.xcassets; sourceTree = "<group>"; };
		C6C40F862AB2F70A00E958C1 /* Base */ = {isa = PBXFileReference; lastKnownFileType = file.storyboard; name = Base; path = Base.lproj/LaunchScreen.storyboard; sourceTree = "<group>"; };
		C6C40F882AB2F70A00E958C1 /* Info.plist */ = {isa = PBXFileReference; lastKnownFileType = text.plist.xml; path = Info.plist; sourceTree = "<group>"; };
		C6C40F8E2AB2F81500E958C1 /* SignUpVC.swift */ = {isa = PBXFileReference; lastKnownFileType = sourcecode.swift; path = SignUpVC.swift; sourceTree = "<group>"; };
		C6C40F902AB301EA00E958C1 /* MainTabBarVC.swift */ = {isa = PBXFileReference; lastKnownFileType = sourcecode.swift; path = MainTabBarVC.swift; sourceTree = "<group>"; };
		C6C40F922AB3034300E958C1 /* CourseNC.swift */ = {isa = PBXFileReference; lastKnownFileType = sourcecode.swift; path = CourseNC.swift; sourceTree = "<group>"; };
		C6C40F942AB3036200E958C1 /* CalendarNC.swift */ = {isa = PBXFileReference; lastKnownFileType = sourcecode.swift; path = CalendarNC.swift; sourceTree = "<group>"; };
		C6C40F962AB3038000E958C1 /* AssignmentsNC.swift */ = {isa = PBXFileReference; lastKnownFileType = sourcecode.swift; path = AssignmentsNC.swift; sourceTree = "<group>"; };
		C6C40F982AB3039B00E958C1 /* ProjectsNC.swift */ = {isa = PBXFileReference; lastKnownFileType = sourcecode.swift; path = ProjectsNC.swift; sourceTree = "<group>"; };
		C6C40F9A2AB3046D00E958C1 /* CourseVC.swift */ = {isa = PBXFileReference; lastKnownFileType = sourcecode.swift; path = CourseVC.swift; sourceTree = "<group>"; };
		C6C40F9C2AB3047B00E958C1 /* CalendarVC.swift */ = {isa = PBXFileReference; lastKnownFileType = sourcecode.swift; path = CalendarVC.swift; sourceTree = "<group>"; };
		C6C40F9E2AB3048900E958C1 /* AssignmentsVC.swift */ = {isa = PBXFileReference; lastKnownFileType = sourcecode.swift; path = AssignmentsVC.swift; sourceTree = "<group>"; };
		C6C40FA02AB3049900E958C1 /* ProjectsVC.swift */ = {isa = PBXFileReference; lastKnownFileType = sourcecode.swift; path = ProjectsVC.swift; sourceTree = "<group>"; };
		C6C40FA22AB30E9F00E958C1 /* UserLogin.swift */ = {isa = PBXFileReference; lastKnownFileType = sourcecode.swift; path = UserLogin.swift; sourceTree = "<group>"; };
		C6C40FA42AB33B3A00E958C1 /* CourseTVC.swift */ = {isa = PBXFileReference; lastKnownFileType = sourcecode.swift; path = CourseTVC.swift; sourceTree = "<group>"; };
		C6C40FA52AB33B3A00E958C1 /* CourseTVC.xib */ = {isa = PBXFileReference; lastKnownFileType = file.xib; path = CourseTVC.xib; sourceTree = "<group>"; };
		C6CEB4E22AE9559600AB5CD3 /* CoursesListViewModel.swift */ = {isa = PBXFileReference; lastKnownFileType = sourcecode.swift; path = CoursesListViewModel.swift; sourceTree = "<group>"; };
		C6CEB4E42AE955AA00AB5CD3 /* CoursesListView.swift */ = {isa = PBXFileReference; lastKnownFileType = sourcecode.swift; path = CoursesListView.swift; sourceTree = "<group>"; };
		C6CEB4E62AE95F1900AB5CD3 /* CourseRowView.swift */ = {isa = PBXFileReference; lastKnownFileType = sourcecode.swift; path = CourseRowView.swift; sourceTree = "<group>"; };
		C6CEB4E82AE95F5F00AB5CD3 /* CourseHeaderView.swift */ = {isa = PBXFileReference; lastKnownFileType = sourcecode.swift; path = CourseHeaderView.swift; sourceTree = "<group>"; };
		C6CEB4EA2AE9624D00AB5CD3 /* CourseInfoView.swift */ = {isa = PBXFileReference; lastKnownFileType = sourcecode.swift; path = CourseInfoView.swift; sourceTree = "<group>"; };
		C6D8D64B2AD40F85009A1F9F /* ResourcesTVC.swift */ = {isa = PBXFileReference; lastKnownFileType = sourcecode.swift; path = ResourcesTVC.swift; sourceTree = "<group>"; };
		C6D8D64C2AD40F85009A1F9F /* ResourcesTVC.xib */ = {isa = PBXFileReference; lastKnownFileType = file.xib; path = ResourcesTVC.xib; sourceTree = "<group>"; };
		C6D8D6512AD42575009A1F9F /* AddResourcesVC.swift */ = {isa = PBXFileReference; lastKnownFileType = sourcecode.swift; path = AddResourcesVC.swift; sourceTree = "<group>"; };
		C6DDF4AD2AE16A9D00A47EB7 /* EKWrapper.swift */ = {isa = PBXFileReference; lastKnownFileType = sourcecode.swift; path = EKWrapper.swift; sourceTree = "<group>"; };
		C6DDF4B22AE1904C00A47EB7 /* ProjectsView.swift */ = {isa = PBXFileReference; lastKnownFileType = sourcecode.swift; path = ProjectsView.swift; sourceTree = "<group>"; };
		C6E8E0AE2AD5CBAE00FA56E9 /* ResourcesSectionHeaderView.swift */ = {isa = PBXFileReference; lastKnownFileType = sourcecode.swift; path = ResourcesSectionHeaderView.swift; sourceTree = "<group>"; };
		C6E8E0B02AD5CC9F00FA56E9 /* ResourcesSectionHeaderView.xib */ = {isa = PBXFileReference; fileEncoding = 4; lastKnownFileType = file.xib; path = ResourcesSectionHeaderView.xib; sourceTree = "<group>"; };
		C6F745B02AB8764700780F90 /* AddCourseVC.swift */ = {isa = PBXFileReference; lastKnownFileType = sourcecode.swift; path = AddCourseVC.swift; sourceTree = "<group>"; };
		C6FAA7C12AE9328E00A6449A /* SemesterInfoView.swift */ = {isa = PBXFileReference; lastKnownFileType = sourcecode.swift; path = SemesterInfoView.swift; sourceTree = "<group>"; };
		C6FAA7C32AE932A000A6449A /* SemesterInfoViewModel.swift */ = {isa = PBXFileReference; lastKnownFileType = sourcecode.swift; path = SemesterInfoViewModel.swift; sourceTree = "<group>"; };
/* End PBXFileReference section */

/* Begin PBXFrameworksBuildPhase section */
		C6C40F742AB2F70700E958C1 /* Frameworks */ = {
			isa = PBXFrameworksBuildPhase;
			buildActionMask = 2147483647;
			files = (
				C6DDF4AC2AE168B000A47EB7 /* CalendarKit in Frameworks */,
			);
			runOnlyForDeploymentPostprocessing = 0;
		};
/* End PBXFrameworksBuildPhase section */

/* Begin PBXGroup section */
		C60D06EB2ACC767700B1F5BC /* Models */ = {
			isa = PBXGroup;
			children = (
				C60D06E92ACC767000B1F5BC /* Model.swift */,
			);
			path = Models;
			sourceTree = "<group>";
		};
		C60D5B162AD68AAA004B4595 /* Controllers */ = {
			isa = PBXGroup;
			children = (
				C6214D002ACEA9FB00E242AC /* CoreDataManager.swift */,
				C6BA53842ACD916D00924AD0 /* CourseDataManager.swift */,
				C6B2C7A22AE847CF00913562 /* MockDataManager.swift */,
			);
			path = Controllers;
			sourceTree = "<group>";
		};
		C60D5B172AD68ACF004B4595 /* Enums */ = {
			isa = PBXGroup;
			children = (
				C6BA53862ACDB4D800924AD0 /* SemesterEnum.swift */,
				C63BF2D12AD813DA00ED750A /* AssignmentEnum.swift */,
				C6A1500E2AE01FE600115C59 /* ModeEnum.swift */,
			);
			path = Enums;
			sourceTree = "<group>";
		};
		C60D5B192AD68B42004B4595 /* Utils */ = {
			isa = PBXGroup;
			children = (
				C6A150182AE033FA00115C59 /* CustomDelegate */,
				C67777132AD305EC009B61BA /* Extenstions */,
				C60D5B172AD68ACF004B4595 /* Enums */,
				C6D8D6422AD3D706009A1F9F /* Authentication */,
			);
			path = Utils;
			sourceTree = "<group>";
		};
		C61B4E402AEACC6A00869E67 /* AddResourceView */ = {
			isa = PBXGroup;
			children = (
				C62D98F12AE05511008E61A8 /* ResourceView.swift */,
				C62D98F42AE0552F008E61A8 /* ResourceViewModel.swift */,
			);
			path = AddResourceView;
			sourceTree = "<group>";
		};
		C61B4E452AEACCE600869E67 /* ResourcesListView */ = {
			isa = PBXGroup;
			children = (
				C61B4E412AEACC8700869E67 /* ResourceListViewModel.swift */,
				C61B4E432AEACCE000869E67 /* ResourceListView.swift */,
			);
			path = ResourcesListView;
			sourceTree = "<group>";
		};
		C62D98F02AE0412C008E61A8 /* Depraceted */ = {
			isa = PBXGroup;
			children = (
				C6D8D6512AD42575009A1F9F /* AddResourcesVC.swift */,
				C6214D022ACED68C00E242AC /* NewSemesterVC.swift */,
				C68125202AD00A6A008DE83E /* EditSemesterVC.swift */,
				C6F745B02AB8764700780F90 /* AddCourseVC.swift */,
				C65552512ACD5BE4006019DE /* EditCourseVC.swift */,
			);
			path = Depraceted;
			sourceTree = "<group>";
		};
		C62D98F32AE05517008E61A8 /* ResourceView */ = {
			isa = PBXGroup;
			children = (
				C61B4E402AEACC6A00869E67 /* AddResourceView */,
				C61B4E452AEACCE600869E67 /* ResourcesListView */,
			);
			path = ResourceView;
			sourceTree = "<group>";
		};
		C63432F12AD687D900775A7B /* Course */ = {
			isa = PBXGroup;
			children = (
				C6C40F9A2AB3046D00E958C1 /* CourseVC.swift */,
				C6214CFE2ACEA33900E242AC /* CourseInfoVC.swift */,
				C62D98F02AE0412C008E61A8 /* Depraceted */,
			);
			path = Course;
			sourceTree = "<group>";
		};
		C63432F22AD687EA00775A7B /* Calendar */ = {
			isa = PBXGroup;
			children = (
				C6C40F9C2AB3047B00E958C1 /* CalendarVC.swift */,
				C6DDF4AD2AE16A9D00A47EB7 /* EKWrapper.swift */,
			);
			path = Calendar;
			sourceTree = "<group>";
		};
		C63432F32AD687F600775A7B /* Assignments */ = {
			isa = PBXGroup;
			children = (
				C6C40F9E2AB3048900E958C1 /* AssignmentsVC.swift */,
				C645914A2ADC27DE009163F1 /* AssignmentsInfoVC.swift */,
			);
			path = Assignments;
			sourceTree = "<group>";
		};
		C63432F42AD6880700775A7B /* Project */ = {
			isa = PBXGroup;
			children = (
				C6C40FA02AB3049900E958C1 /* ProjectsVC.swift */,
			);
			path = Project;
			sourceTree = "<group>";
		};
		C63432F52AD6889E00775A7B /* CustomTableViewCell */ = {
			isa = PBXGroup;
			children = (
				C6AE4BD62AD450FA0037C821 /* LinkTVC.xib */,
				C6AE4BD52AD450FA0037C821 /* LinkTVC.swift */,
				C6D8D64C2AD40F85009A1F9F /* ResourcesTVC.xib */,
				C6D8D64B2AD40F85009A1F9F /* ResourcesTVC.swift */,
				C6C40FA52AB33B3A00E958C1 /* CourseTVC.xib */,
				C6C40FA42AB33B3A00E958C1 /* CourseTVC.swift */,
				C64591462ADBDD8C009163F1 /* AssignmentsListTVC.swift */,
				C64591472ADBDD8C009163F1 /* AssignmentsListTVC.xib */,
				C645914E2ADC4F9D009163F1 /* Assignments.swift */,
				C645914F2ADC4F9D009163F1 /* Assignments.xib */,
				C65E3D5C2AE2999300B1F474 /* AssignmentTVC.swift */,
				C65E3D5D2AE2999300B1F474 /* AssignmentTVC.xib */,
			);
			path = CustomTableViewCell;
			sourceTree = "<group>";
		};
		C63432F62AD688AE00775A7B /* CustomSectionHeader */ = {
			isa = PBXGroup;
			children = (
				C6E8E0B02AD5CC9F00FA56E9 /* ResourcesSectionHeaderView.xib */,
				C6E8E0AE2AD5CBAE00FA56E9 /* ResourcesSectionHeaderView.swift */,
				C681251D2AD0022B008DE83E /* CourseSectionHeaderView.xib */,
				C681251C2AD0022B008DE83E /* CourseSectionHeaderView.swift */,
			);
			path = CustomSectionHeader;
			sourceTree = "<group>";
		};
		C63B605F2AE5557900B9CFAA /* ProjectView */ = {
			isa = PBXGroup;
			children = (
				C63B60602AE5558B00B9CFAA /* ProjectViewModel.swift */,
				C63B60622AE5559A00B9CFAA /* ProjectView.swift */,
			);
			path = ProjectView;
			sourceTree = "<group>";
		};
		C64774882AE523CA00FC0F08 /* AddProjectView */ = {
			isa = PBXGroup;
			children = (
				C647748A2AE5240800FC0F08 /* AddProjectView.swift */,
				C647748C2AE5241800FC0F08 /* AddProjectViewModel.swift */,
			);
			path = AddProjectView;
			sourceTree = "<group>";
		};
		C64774892AE523DE00FC0F08 /* ShowProjectView */ = {
			isa = PBXGroup;
			children = (
				C6DDF4B22AE1904C00A47EB7 /* ProjectsView.swift */,
				C67B73D52AE43DB00013AEB0 /* ProjectsViewModel.swift */,
			);
			path = ShowProjectView;
			sourceTree = "<group>";
		};
		C67777132AD305EC009B61BA /* Extenstions */ = {
			isa = PBXGroup;
			children = (
				C677770F2AD305E2009B61BA /* UIAlerts+extention.swift */,
				C67777102AD305E2009B61BA /* UITouch+extention.swift */,
			);
			path = Extenstions;
			sourceTree = "<group>";
		};
		C67A34322AEAB0D100EF716C /* CourseCustomView */ = {
			isa = PBXGroup;
			children = (
				C600F2972AE9703C006BDB82 /* SwipeButtonView.swift */,
				C6CEB4E82AE95F5F00AB5CD3 /* CourseHeaderView.swift */,
				C6CEB4E62AE95F1900AB5CD3 /* CourseRowView.swift */,
			);
			path = CourseCustomView;
			sourceTree = "<group>";
		};
		C67A34342AEAB0F200EF716C /* CourseInfoView */ = {
			isa = PBXGroup;
			children = (
				C6CEB4EA2AE9624D00AB5CD3 /* CourseInfoView.swift */,
				C67A34302AEA9C1600EF716C /* CourseInfoViewModel.swift */,
			);
			path = CourseInfoView;
			sourceTree = "<group>";
		};
		C67A34352AEAB10E00EF716C /* AddCourseView */ = {
			isa = PBXGroup;
			children = (
				C6A150092ADFFB3C00115C59 /* CourseView.swift */,
				C6A1500B2AE005E000115C59 /* CourseViewModel.swift */,
			);
			path = AddCourseView;
			sourceTree = "<group>";
		};
		C6A1500D2AE005E800115C59 /* CourseView */ = {
			isa = PBXGroup;
			children = (
				C67A34342AEAB0F200EF716C /* CourseInfoView */,
				C67A34322AEAB0D100EF716C /* CourseCustomView */,
				C6CEB4E12AE9556A00AB5CD3 /* CoursesListView */,
				C67A34352AEAB10E00EF716C /* AddCourseView */,
			);
			path = CourseView;
			sourceTree = "<group>";
		};
		C6A150102AE026D400115C59 /* AssignmentView */ = {
			isa = PBXGroup;
			children = (
				C666DD402ADF175200654065 /* AssignmentView.swift */,
				C6A150112AE026EF00115C59 /* AssignmentViewModel.swift */,
			);
			path = AssignmentView;
			sourceTree = "<group>";
		};
		C6A150152AE02A4300115C59 /* SemesterView */ = {
			isa = PBXGroup;
			children = (
				C6FAA7BF2AE9325200A6449A /* SemesterInfo */,
				C6FAA7C02AE9326400A6449A /* AddSemester */,
			);
			path = SemesterView;
			sourceTree = "<group>";
		};
		C6A150182AE033FA00115C59 /* CustomDelegate */ = {
			isa = PBXGroup;
			children = (
				C64BC8EC2ADED243001CD692 /* CustomDelegate.swift */,
			);
			path = CustomDelegate;
			sourceTree = "<group>";
		};
		C6AE6A192AE6ADE70074CB38 /* Video */ = {
			isa = PBXGroup;
			children = (
				C6AE6A1A2AE6AE620074CB38 /* video1.MP4 */,
			);
			path = Video;
			sourceTree = "<group>";
		};
		C6C40F6E2AB2F70700E958C1 = {
			isa = PBXGroup;
			children = (
				C6AE6A102AE69B2F0074CB38 /* TREE.md */,
				C68CE3612ADD2E06009411F9 /* COREDATA.md */,
				C68CE3622ADD2E06009411F9 /* README.md */,
				C6C40F792AB2F70700E958C1 /* UX-Prototype */,
				C682FA532AE9156000BA0DBC /* ScreenShot */,
				C6C40F782AB2F70700E958C1 /* Products */,
			);
			sourceTree = "<group>";
		};
		C6C40F782AB2F70700E958C1 /* Products */ = {
			isa = PBXGroup;
			children = (
				C6C40F772AB2F70700E958C1 /* UX-Prototype.app */,
			);
			name = Products;
			sourceTree = "<group>";
		};
		C6C40F792AB2F70700E958C1 /* UX-Prototype */ = {
			isa = PBXGroup;
			children = (
				C6C40F7A2AB2F70700E958C1 /* AppDelegate.swift */,
				C6C40F7C2AB2F70700E958C1 /* SceneDelegate.swift */,
				C60D06EB2ACC767700B1F5BC /* Models */,
				C6F745AF2AB7750800780F90 /* Views */,
				C60D5B162AD68AAA004B4595 /* Controllers */,
				C6C40F802AB2F70700E958C1 /* Main.storyboard */,
				C6C40F852AB2F70A00E958C1 /* LaunchScreen.storyboard */,
				C6C40F832AB2F70A00E958C1 /* Assets.xcassets */,
				C68DF9CB2AB9FE93006B0F70 /* Model.xcdatamodeld */,
				C6C40F882AB2F70A00E958C1 /* Info.plist */,
				C60D5B192AD68B42004B4595 /* Utils */,
				C6AE6A192AE6ADE70074CB38 /* Video */,
			);
			path = "UX-Prototype";
			sourceTree = "<group>";
		};
		C6C40FA92AB33D6900E958C1 /* CustomViews */ = {
			isa = PBXGroup;
			children = (
				C63432F62AD688AE00775A7B /* CustomSectionHeader */,
				C63432F52AD6889E00775A7B /* CustomTableViewCell */,
			);
			path = CustomViews;
			sourceTree = "<group>";
		};
		C6CEB4E12AE9556A00AB5CD3 /* CoursesListView */ = {
			isa = PBXGroup;
			children = (
				C6CEB4E22AE9559600AB5CD3 /* CoursesListViewModel.swift */,
				C6CEB4E42AE955AA00AB5CD3 /* CoursesListView.swift */,
			);
			path = CoursesListView;
			sourceTree = "<group>";
		};
		C6D8D6422AD3D706009A1F9F /* Authentication */ = {
			isa = PBXGroup;
			children = (
				C6C40FA22AB30E9F00E958C1 /* UserLogin.swift */,
			);
			path = Authentication;
			sourceTree = "<group>";
		};
		C6DDF4A82AE166FB00A47EB7 /* SignInView */ = {
			isa = PBXGroup;
			children = (
				C689661C2ADFE0EC00A289F6 /* SignInView.swift */,
			);
			path = SignInView;
			sourceTree = "<group>";
		};
		C6DDF4A92AE1670900A47EB7 /* SingUpView */ = {
			isa = PBXGroup;
			children = (
				C689661A2ADFD75000A289F6 /* SignUpView.swift */,
			);
			path = SingUpView;
			sourceTree = "<group>";
		};
		C6DDF4B42AE1905400A47EB7 /* ProjectsView */ = {
			isa = PBXGroup;
			children = (
				C63B605F2AE5557900B9CFAA /* ProjectView */,
				C64774882AE523CA00FC0F08 /* AddProjectView */,
				C64774892AE523DE00FC0F08 /* ShowProjectView */,
			);
			path = ProjectsView;
			sourceTree = "<group>";
		};
		C6E146842AD7E5FD00DEE83B /* SwiftUIViews */ = {
			isa = PBXGroup;
			children = (
				C6DDF4A92AE1670900A47EB7 /* SingUpView */,
				C6DDF4A82AE166FB00A47EB7 /* SignInView */,
				C6A150102AE026D400115C59 /* AssignmentView */,
				C6A1500D2AE005E800115C59 /* CourseView */,
				C6A150152AE02A4300115C59 /* SemesterView */,
				C62D98F32AE05517008E61A8 /* ResourceView */,
				C6DDF4B42AE1905400A47EB7 /* ProjectsView */,
			);
			path = SwiftUIViews;
			sourceTree = "<group>";
		};
		C6F745AA2AB774AE00780F90 /* MainVC */ = {
			isa = PBXGroup;
			children = (
				C63432F12AD687D900775A7B /* Course */,
				C63432F22AD687EA00775A7B /* Calendar */,
				C63432F32AD687F600775A7B /* Assignments */,
				C63432F42AD6880700775A7B /* Project */,
			);
			path = MainVC;
			sourceTree = "<group>";
		};
		C6F745AB2AB774C200780F90 /* MainNC */ = {
			isa = PBXGroup;
			children = (
				C6C40F922AB3034300E958C1 /* CourseNC.swift */,
				C6C40F942AB3036200E958C1 /* CalendarNC.swift */,
				C6C40F962AB3038000E958C1 /* AssignmentsNC.swift */,
				C6C40F982AB3039B00E958C1 /* ProjectsNC.swift */,
			);
			path = MainNC;
			sourceTree = "<group>";
		};
		C6F745AC2AB774D300780F90 /* LoginVC */ = {
			isa = PBXGroup;
			children = (
				C6C40F7E2AB2F70700E958C1 /* LoginVC.swift */,
				C6C40F8E2AB2F81500E958C1 /* SignUpVC.swift */,
				C68966222ADFF12E00A289F6 /* AuthNC.swift */,
				C689661E2ADFEB0300A289F6 /* HostingLoginVC.swift */,
				C68966202ADFF09900A289F6 /* HostingSignUpVC.swift */,
			);
			path = LoginVC;
			sourceTree = "<group>";
		};
		C6F745AD2AB774ED00780F90 /* Main */ = {
			isa = PBXGroup;
			children = (
				C6C40F902AB301EA00E958C1 /* MainTabBarVC.swift */,
				C6F745AB2AB774C200780F90 /* MainNC */,
				C6F745AA2AB774AE00780F90 /* MainVC */,
			);
			path = Main;
			sourceTree = "<group>";
		};
		C6F745AE2AB774F800780F90 /* Login */ = {
			isa = PBXGroup;
			children = (
				C6F745AC2AB774D300780F90 /* LoginVC */,
			);
			path = Login;
			sourceTree = "<group>";
		};
		C6F745AF2AB7750800780F90 /* Views */ = {
			isa = PBXGroup;
			children = (
				C6E146842AD7E5FD00DEE83B /* SwiftUIViews */,
				C6C40FA92AB33D6900E958C1 /* CustomViews */,
				C6F745AE2AB774F800780F90 /* Login */,
				C6F745AD2AB774ED00780F90 /* Main */,
			);
			path = Views;
			sourceTree = "<group>";
		};
		C6FAA7BF2AE9325200A6449A /* SemesterInfo */ = {
			isa = PBXGroup;
			children = (
				C6FAA7C12AE9328E00A6449A /* SemesterInfoView.swift */,
				C6FAA7C32AE932A000A6449A /* SemesterInfoViewModel.swift */,
			);
			path = SemesterInfo;
			sourceTree = "<group>";
		};
		C6FAA7C02AE9326400A6449A /* AddSemester */ = {
			isa = PBXGroup;
			children = (
				C6A150132AE02A3B00115C59 /* SemesterView.swift */,
				C6A150162AE02AD200115C59 /* SemesterViewModel.swift */,
			);
			path = AddSemester;
			sourceTree = "<group>";
		};
/* End PBXGroup section */

/* Begin PBXNativeTarget section */
		C6C40F762AB2F70700E958C1 /* UX-Prototype */ = {
			isa = PBXNativeTarget;
			buildConfigurationList = C6C40F8B2AB2F70A00E958C1 /* Build configuration list for PBXNativeTarget "UX-Prototype" */;
			buildPhases = (
				C6C40F732AB2F70700E958C1 /* Sources */,
				C6C40F742AB2F70700E958C1 /* Frameworks */,
				C6C40F752AB2F70700E958C1 /* Resources */,
			);
			buildRules = (
			);
			dependencies = (
			);
			name = "UX-Prototype";
			packageProductDependencies = (
				C6DDF4AB2AE168B000A47EB7 /* CalendarKit */,
			);
			productName = "UX-Prototype";
			productReference = C6C40F772AB2F70700E958C1 /* UX-Prototype.app */;
			productType = "com.apple.product-type.application";
		};
/* End PBXNativeTarget section */

/* Begin PBXProject section */
		C6C40F6F2AB2F70700E958C1 /* Project object */ = {
			isa = PBXProject;
			attributes = {
				BuildIndependentTargetsInParallel = 1;
				LastSwiftUpdateCheck = 1430;
				LastUpgradeCheck = 1500;
				TargetAttributes = {
					C6C40F762AB2F70700E958C1 = {
						CreatedOnToolsVersion = 14.3.1;
					};
				};
			};
			buildConfigurationList = C6C40F722AB2F70700E958C1 /* Build configuration list for PBXProject "UX-Prototype" */;
			compatibilityVersion = "Xcode 14.0";
			developmentRegion = en;
			hasScannedForEncodings = 0;
			knownRegions = (
				en,
				Base,
			);
			mainGroup = C6C40F6E2AB2F70700E958C1;
			packageReferences = (
				C6DDF4AA2AE168B000A47EB7 /* XCRemoteSwiftPackageReference "CalendarKit" */,
			);
			productRefGroup = C6C40F782AB2F70700E958C1 /* Products */;
			projectDirPath = "";
			projectRoot = "";
			targets = (
				C6C40F762AB2F70700E958C1 /* UX-Prototype */,
			);
		};
/* End PBXProject section */

/* Begin PBXResourcesBuildPhase section */
		C6C40F752AB2F70700E958C1 /* Resources */ = {
			isa = PBXResourcesBuildPhase;
			buildActionMask = 2147483647;
			files = (
				C681251F2AD0022B008DE83E /* CourseSectionHeaderView.xib in Resources */,
				C68CE3642ADD2E06009411F9 /* README.md in Resources */,
				C682FA542AE9156000BA0DBC /* ScreenShot in Resources */,
				C6E8E0B12AD5CC9F00FA56E9 /* ResourcesSectionHeaderView.xib in Resources */,
				C64591492ADBDD8C009163F1 /* AssignmentsListTVC.xib in Resources */,
				C6C40F872AB2F70A00E958C1 /* LaunchScreen.storyboard in Resources */,
				C6C40FA72AB33B3A00E958C1 /* CourseTVC.xib in Resources */,
				C65E3D5F2AE2999300B1F474 /* AssignmentTVC.xib in Resources */,
				C68CE3632ADD2E06009411F9 /* COREDATA.md in Resources */,
				C6C40F842AB2F70A00E958C1 /* Assets.xcassets in Resources */,
				C64591512ADC4F9D009163F1 /* Assignments.xib in Resources */,
				C6C40F822AB2F70700E958C1 /* Main.storyboard in Resources */,
				C6D8D64E2AD40F85009A1F9F /* ResourcesTVC.xib in Resources */,
				C6AE4BD82AD450FA0037C821 /* LinkTVC.xib in Resources */,
			);
			runOnlyForDeploymentPostprocessing = 0;
		};
/* End PBXResourcesBuildPhase section */

/* Begin PBXSourcesBuildPhase section */
		C6C40F732AB2F70700E958C1 /* Sources */ = {
			isa = PBXSourcesBuildPhase;
			buildActionMask = 2147483647;
			files = (
				C65E3D5E2AE2999300B1F474 /* AssignmentTVC.swift in Sources */,
				C6A150142AE02A3B00115C59 /* SemesterView.swift in Sources */,
				C64591502ADC4F9D009163F1 /* Assignments.swift in Sources */,
				C6C40F8F2AB2F81500E958C1 /* SignUpVC.swift in Sources */,
				C6DDF4AE2AE16A9D00A47EB7 /* EKWrapper.swift in Sources */,
				C6D8D6522AD42575009A1F9F /* AddResourcesVC.swift in Sources */,
				C68125212AD00A6A008DE83E /* EditSemesterVC.swift in Sources */,
				C6C40F932AB3034300E958C1 /* CourseNC.swift in Sources */,
				C68966212ADFF09900A289F6 /* HostingSignUpVC.swift in Sources */,
				C6C40F9D2AB3047B00E958C1 /* CalendarVC.swift in Sources */,
				C6CEB4E32AE9559600AB5CD3 /* CoursesListViewModel.swift in Sources */,
				C6CEB4E52AE955AA00AB5CD3 /* CoursesListView.swift in Sources */,
				C647748B2AE5240800FC0F08 /* AddProjectView.swift in Sources */,
				C67A34312AEA9C1600EF716C /* CourseInfoViewModel.swift in Sources */,
				C62D98F52AE0552F008E61A8 /* ResourceViewModel.swift in Sources */,
				C6A1500A2ADFFB3C00115C59 /* CourseView.swift in Sources */,
				C6BA53852ACD916D00924AD0 /* CourseDataManager.swift in Sources */,
				C6214D032ACED68C00E242AC /* NewSemesterVC.swift in Sources */,
				C647748D2AE5241800FC0F08 /* AddProjectViewModel.swift in Sources */,
				C6C40F912AB301EA00E958C1 /* MainTabBarVC.swift in Sources */,
				C600F2982AE9703C006BDB82 /* SwipeButtonView.swift in Sources */,
				C68DF9CD2AB9FE93006B0F70 /* Model.xcdatamodeld in Sources */,
				C6C40F9B2AB3046D00E958C1 /* CourseVC.swift in Sources */,
				C67777122AD305E2009B61BA /* UIAlerts+extention.swift in Sources */,
				C6C40F992AB3039B00E958C1 /* ProjectsNC.swift in Sources */,
				C63BF2D22AD813DB00ED750A /* AssignmentEnum.swift in Sources */,
				C689661D2ADFE0EC00A289F6 /* SignInView.swift in Sources */,
				C65552522ACD5BE4006019DE /* EditCourseVC.swift in Sources */,
				C6214CFF2ACEA33900E242AC /* CourseInfoVC.swift in Sources */,
				C6C40F972AB3038000E958C1 /* AssignmentsNC.swift in Sources */,
				C6C40F7F2AB2F70700E958C1 /* LoginVC.swift in Sources */,
				C61B4E442AEACCE000869E67 /* ResourceListView.swift in Sources */,
				C6A1500F2AE01FE600115C59 /* ModeEnum.swift in Sources */,
				C6C40FA12AB3049900E958C1 /* ProjectsVC.swift in Sources */,
				C6CEB4E72AE95F1900AB5CD3 /* CourseRowView.swift in Sources */,
				C6A150122AE026EF00115C59 /* AssignmentViewModel.swift in Sources */,
				C64591482ADBDD8C009163F1 /* AssignmentsListTVC.swift in Sources */,
				C6B2C7A32AE847D000913562 /* MockDataManager.swift in Sources */,
				C6FAA7C42AE932A000A6449A /* SemesterInfoViewModel.swift in Sources */,
				C63B60632AE5559A00B9CFAA /* ProjectView.swift in Sources */,
				C645914C2ADC27DE009163F1 /* AssignmentsInfoVC.swift in Sources */,
				C63B60612AE5558B00B9CFAA /* ProjectViewModel.swift in Sources */,
				C68966232ADFF12E00A289F6 /* AuthNC.swift in Sources */,
				C6D8D64D2AD40F85009A1F9F /* ResourcesTVC.swift in Sources */,
				C689661F2ADFEB0300A289F6 /* HostingLoginVC.swift in Sources */,
				C6CEB4E92AE95F5F00AB5CD3 /* CourseHeaderView.swift in Sources */,
				C6C40F7B2AB2F70700E958C1 /* AppDelegate.swift in Sources */,
				C689661B2ADFD75000A289F6 /* SignUpView.swift in Sources */,
				C6C40F7D2AB2F70700E958C1 /* SceneDelegate.swift in Sources */,
				C6C40FA62AB33B3A00E958C1 /* CourseTVC.swift in Sources */,
				C6214D012ACEA9FB00E242AC /* CoreDataManager.swift in Sources */,
				C6A150172AE02AD200115C59 /* SemesterViewModel.swift in Sources */,
				C62D98F22AE05511008E61A8 /* ResourceView.swift in Sources */,
				C6FAA7C22AE9328E00A6449A /* SemesterInfoView.swift in Sources */,
				C64BC8ED2ADED243001CD692 /* CustomDelegate.swift in Sources */,
				C666DD412ADF175200654065 /* AssignmentView.swift in Sources */,
				C6C40F952AB3036200E958C1 /* CalendarNC.swift in Sources */,
				C6DDF4B32AE1904C00A47EB7 /* ProjectsView.swift in Sources */,
				C6E8E0AF2AD5CBAE00FA56E9 /* ResourcesSectionHeaderView.swift in Sources */,
				C6BA53872ACDB4D800924AD0 /* SemesterEnum.swift in Sources */,
				C6C40FA32AB30E9F00E958C1 /* UserLogin.swift in Sources */,
				C681251E2AD0022B008DE83E /* CourseSectionHeaderView.swift in Sources */,
				C67777112AD305E2009B61BA /* UITouch+extention.swift in Sources */,
				C61B4E422AEACC8700869E67 /* ResourceListViewModel.swift in Sources */,
				C60D06EA2ACC767000B1F5BC /* Model.swift in Sources */,
				C6AE4BD72AD450FA0037C821 /* LinkTVC.swift in Sources */,
				C6A1500C2AE005E000115C59 /* CourseViewModel.swift in Sources */,
				C6C40F9F2AB3048900E958C1 /* AssignmentsVC.swift in Sources */,
				C6F745B12AB8764700780F90 /* AddCourseVC.swift in Sources */,
				C6CEB4EB2AE9624D00AB5CD3 /* CourseInfoView.swift in Sources */,
				C67B73D62AE43DB10013AEB0 /* ProjectsViewModel.swift in Sources */,
			);
			runOnlyForDeploymentPostprocessing = 0;
		};
/* End PBXSourcesBuildPhase section */

/* Begin PBXVariantGroup section */
		C6C40F802AB2F70700E958C1 /* Main.storyboard */ = {
			isa = PBXVariantGroup;
			children = (
				C6C40F812AB2F70700E958C1 /* Base */,
			);
			name = Main.storyboard;
			sourceTree = "<group>";
		};
		C6C40F852AB2F70A00E958C1 /* LaunchScreen.storyboard */ = {
			isa = PBXVariantGroup;
			children = (
				C6C40F862AB2F70A00E958C1 /* Base */,
			);
			name = LaunchScreen.storyboard;
			sourceTree = "<group>";
		};
/* End PBXVariantGroup section */

/* Begin XCBuildConfiguration section */
		C6C40F892AB2F70A00E958C1 /* Debug */ = {
			isa = XCBuildConfiguration;
			buildSettings = {
				ALWAYS_SEARCH_USER_PATHS = NO;
				CLANG_ANALYZER_NONNULL = YES;
				CLANG_ANALYZER_NUMBER_OBJECT_CONVERSION = YES_AGGRESSIVE;
				CLANG_CXX_LANGUAGE_STANDARD = "gnu++20";
				CLANG_ENABLE_MODULES = YES;
				CLANG_ENABLE_OBJC_ARC = YES;
				CLANG_ENABLE_OBJC_WEAK = YES;
				CLANG_WARN_BLOCK_CAPTURE_AUTORELEASING = YES;
				CLANG_WARN_BOOL_CONVERSION = YES;
				CLANG_WARN_COMMA = YES;
				CLANG_WARN_CONSTANT_CONVERSION = YES;
				CLANG_WARN_DEPRECATED_OBJC_IMPLEMENTATIONS = YES;
				CLANG_WARN_DIRECT_OBJC_ISA_USAGE = YES_ERROR;
				CLANG_WARN_DOCUMENTATION_COMMENTS = YES;
				CLANG_WARN_EMPTY_BODY = YES;
				CLANG_WARN_ENUM_CONVERSION = YES;
				CLANG_WARN_INFINITE_RECURSION = YES;
				CLANG_WARN_INT_CONVERSION = YES;
				CLANG_WARN_NON_LITERAL_NULL_CONVERSION = YES;
				CLANG_WARN_OBJC_IMPLICIT_RETAIN_SELF = YES;
				CLANG_WARN_OBJC_LITERAL_CONVERSION = YES;
				CLANG_WARN_OBJC_ROOT_CLASS = YES_ERROR;
				CLANG_WARN_QUOTED_INCLUDE_IN_FRAMEWORK_HEADER = YES;
				CLANG_WARN_RANGE_LOOP_ANALYSIS = YES;
				CLANG_WARN_STRICT_PROTOTYPES = YES;
				CLANG_WARN_SUSPICIOUS_MOVE = YES;
				CLANG_WARN_UNGUARDED_AVAILABILITY = YES_AGGRESSIVE;
				CLANG_WARN_UNREACHABLE_CODE = YES;
				CLANG_WARN__DUPLICATE_METHOD_MATCH = YES;
				COPY_PHASE_STRIP = NO;
				DEBUG_INFORMATION_FORMAT = dwarf;
				ENABLE_STRICT_OBJC_MSGSEND = YES;
				ENABLE_TESTABILITY = YES;
				ENABLE_USER_SCRIPT_SANDBOXING = YES;
				GCC_C_LANGUAGE_STANDARD = gnu11;
				GCC_DYNAMIC_NO_PIC = NO;
				GCC_NO_COMMON_BLOCKS = YES;
				GCC_OPTIMIZATION_LEVEL = 0;
				GCC_PREPROCESSOR_DEFINITIONS = (
					"DEBUG=1",
					"$(inherited)",
				);
				GCC_WARN_64_TO_32_BIT_CONVERSION = YES;
				GCC_WARN_ABOUT_RETURN_TYPE = YES_ERROR;
				GCC_WARN_UNDECLARED_SELECTOR = YES;
				GCC_WARN_UNINITIALIZED_AUTOS = YES_AGGRESSIVE;
				GCC_WARN_UNUSED_FUNCTION = YES;
				GCC_WARN_UNUSED_VARIABLE = YES;
				IPHONEOS_DEPLOYMENT_TARGET = 16.0;
				MTL_ENABLE_DEBUG_INFO = INCLUDE_SOURCE;
				MTL_FAST_MATH = YES;
				ONLY_ACTIVE_ARCH = YES;
				SDKROOT = iphoneos;
				SWIFT_ACTIVE_COMPILATION_CONDITIONS = DEBUG;
				SWIFT_OPTIMIZATION_LEVEL = "-Onone";
			};
			name = Debug;
		};
		C6C40F8A2AB2F70A00E958C1 /* Release */ = {
			isa = XCBuildConfiguration;
			buildSettings = {
				ALWAYS_SEARCH_USER_PATHS = NO;
				CLANG_ANALYZER_NONNULL = YES;
				CLANG_ANALYZER_NUMBER_OBJECT_CONVERSION = YES_AGGRESSIVE;
				CLANG_CXX_LANGUAGE_STANDARD = "gnu++20";
				CLANG_ENABLE_MODULES = YES;
				CLANG_ENABLE_OBJC_ARC = YES;
				CLANG_ENABLE_OBJC_WEAK = YES;
				CLANG_WARN_BLOCK_CAPTURE_AUTORELEASING = YES;
				CLANG_WARN_BOOL_CONVERSION = YES;
				CLANG_WARN_COMMA = YES;
				CLANG_WARN_CONSTANT_CONVERSION = YES;
				CLANG_WARN_DEPRECATED_OBJC_IMPLEMENTATIONS = YES;
				CLANG_WARN_DIRECT_OBJC_ISA_USAGE = YES_ERROR;
				CLANG_WARN_DOCUMENTATION_COMMENTS = YES;
				CLANG_WARN_EMPTY_BODY = YES;
				CLANG_WARN_ENUM_CONVERSION = YES;
				CLANG_WARN_INFINITE_RECURSION = YES;
				CLANG_WARN_INT_CONVERSION = YES;
				CLANG_WARN_NON_LITERAL_NULL_CONVERSION = YES;
				CLANG_WARN_OBJC_IMPLICIT_RETAIN_SELF = YES;
				CLANG_WARN_OBJC_LITERAL_CONVERSION = YES;
				CLANG_WARN_OBJC_ROOT_CLASS = YES_ERROR;
				CLANG_WARN_QUOTED_INCLUDE_IN_FRAMEWORK_HEADER = YES;
				CLANG_WARN_RANGE_LOOP_ANALYSIS = YES;
				CLANG_WARN_STRICT_PROTOTYPES = YES;
				CLANG_WARN_SUSPICIOUS_MOVE = YES;
				CLANG_WARN_UNGUARDED_AVAILABILITY = YES_AGGRESSIVE;
				CLANG_WARN_UNREACHABLE_CODE = YES;
				CLANG_WARN__DUPLICATE_METHOD_MATCH = YES;
				COPY_PHASE_STRIP = NO;
				DEBUG_INFORMATION_FORMAT = "dwarf-with-dsym";
				ENABLE_NS_ASSERTIONS = NO;
				ENABLE_STRICT_OBJC_MSGSEND = YES;
				ENABLE_USER_SCRIPT_SANDBOXING = YES;
				GCC_C_LANGUAGE_STANDARD = gnu11;
				GCC_NO_COMMON_BLOCKS = YES;
				GCC_WARN_64_TO_32_BIT_CONVERSION = YES;
				GCC_WARN_ABOUT_RETURN_TYPE = YES_ERROR;
				GCC_WARN_UNDECLARED_SELECTOR = YES;
				GCC_WARN_UNINITIALIZED_AUTOS = YES_AGGRESSIVE;
				GCC_WARN_UNUSED_FUNCTION = YES;
				GCC_WARN_UNUSED_VARIABLE = YES;
				IPHONEOS_DEPLOYMENT_TARGET = 16.0;
				MTL_ENABLE_DEBUG_INFO = NO;
				MTL_FAST_MATH = YES;
				SDKROOT = iphoneos;
				SWIFT_COMPILATION_MODE = wholemodule;
				SWIFT_OPTIMIZATION_LEVEL = "-O";
				VALIDATE_PRODUCT = YES;
			};
			name = Release;
		};
		C6C40F8C2AB2F70A00E958C1 /* Debug */ = {
			isa = XCBuildConfiguration;
			buildSettings = {
				ASSETCATALOG_COMPILER_APPICON_NAME = AppIcon;
				ASSETCATALOG_COMPILER_GLOBAL_ACCENT_COLOR_NAME = AccentColor;
				CODE_SIGN_STYLE = Automatic;
				CURRENT_PROJECT_VERSION = 1;
				DEVELOPMENT_TEAM = 47V6B32V59;
				GENERATE_INFOPLIST_FILE = YES;
				INFOPLIST_FILE = "UX-Prototype/Info.plist";
				INFOPLIST_KEY_CFBundleDisplayName = "Course Manager";
				INFOPLIST_KEY_LSApplicationCategoryType = "public.app-category.education";
				INFOPLIST_KEY_NSCalendarsUsageDescription = "Please let us get access to the calendar so the app can function properly.";
				INFOPLIST_KEY_UIApplicationSupportsIndirectInputEvents = YES;
				INFOPLIST_KEY_UILaunchStoryboardName = LaunchScreen;
				INFOPLIST_KEY_UIMainStoryboardFile = Main;
				INFOPLIST_KEY_UIStatusBarStyle = "";
				INFOPLIST_KEY_UISupportedInterfaceOrientations = UIInterfaceOrientationPortrait;
				INFOPLIST_KEY_UISupportedInterfaceOrientations_iPad = "UIInterfaceOrientationLandscapeLeft UIInterfaceOrientationLandscapeRight UIInterfaceOrientationPortrait UIInterfaceOrientationPortraitUpsideDown";
				IPHONEOS_DEPLOYMENT_TARGET = 15.0;
				LD_RUNPATH_SEARCH_PATHS = (
					"$(inherited)",
					"@executable_path/Frameworks",
				);
				MARKETING_VERSION = 1.0;
				PRODUCT_BUNDLE_IDENTIFIER = "co.danielattali.UX-Prototype";
				PRODUCT_NAME = "$(TARGET_NAME)";
				SUPPORTED_PLATFORMS = "iphoneos iphonesimulator";
				SUPPORTS_MACCATALYST = NO;
				SUPPORTS_MAC_DESIGNED_FOR_IPHONE_IPAD = NO;
				SWIFT_EMIT_LOC_STRINGS = YES;
				SWIFT_VERSION = 5.0;
				TARGETED_DEVICE_FAMILY = 1;
			};
			name = Debug;
		};
		C6C40F8D2AB2F70A00E958C1 /* Release */ = {
			isa = XCBuildConfiguration;
			buildSettings = {
				ASSETCATALOG_COMPILER_APPICON_NAME = AppIcon;
				ASSETCATALOG_COMPILER_GLOBAL_ACCENT_COLOR_NAME = AccentColor;
				CODE_SIGN_STYLE = Automatic;
				CURRENT_PROJECT_VERSION = 1;
				DEVELOPMENT_TEAM = 47V6B32V59;
				GENERATE_INFOPLIST_FILE = YES;
				INFOPLIST_FILE = "UX-Prototype/Info.plist";
				INFOPLIST_KEY_CFBundleDisplayName = "Course Manager";
				INFOPLIST_KEY_LSApplicationCategoryType = "public.app-category.education";
				INFOPLIST_KEY_NSCalendarsUsageDescription = "Please let us get access to the calendar so the app can function properly.";
				INFOPLIST_KEY_UIApplicationSupportsIndirectInputEvents = YES;
				INFOPLIST_KEY_UILaunchStoryboardName = LaunchScreen;
				INFOPLIST_KEY_UIMainStoryboardFile = Main;
				INFOPLIST_KEY_UIStatusBarStyle = "";
				INFOPLIST_KEY_UISupportedInterfaceOrientations = UIInterfaceOrientationPortrait;
				INFOPLIST_KEY_UISupportedInterfaceOrientations_iPad = "UIInterfaceOrientationLandscapeLeft UIInterfaceOrientationLandscapeRight UIInterfaceOrientationPortrait UIInterfaceOrientationPortraitUpsideDown";
				IPHONEOS_DEPLOYMENT_TARGET = 15.0;
				LD_RUNPATH_SEARCH_PATHS = (
					"$(inherited)",
					"@executable_path/Frameworks",
				);
				MARKETING_VERSION = 1.0;
				PRODUCT_BUNDLE_IDENTIFIER = "co.danielattali.UX-Prototype";
				PRODUCT_NAME = "$(TARGET_NAME)";
				SUPPORTED_PLATFORMS = "iphoneos iphonesimulator";
				SUPPORTS_MACCATALYST = NO;
				SUPPORTS_MAC_DESIGNED_FOR_IPHONE_IPAD = NO;
				SWIFT_EMIT_LOC_STRINGS = YES;
				SWIFT_VERSION = 5.0;
				TARGETED_DEVICE_FAMILY = 1;
			};
			name = Release;
		};
/* End XCBuildConfiguration section */

/* Begin XCConfigurationList section */
		C6C40F722AB2F70700E958C1 /* Build configuration list for PBXProject "UX-Prototype" */ = {
			isa = XCConfigurationList;
			buildConfigurations = (
				C6C40F892AB2F70A00E958C1 /* Debug */,
				C6C40F8A2AB2F70A00E958C1 /* Release */,
			);
			defaultConfigurationIsVisible = 0;
			defaultConfigurationName = Release;
		};
		C6C40F8B2AB2F70A00E958C1 /* Build configuration list for PBXNativeTarget "UX-Prototype" */ = {
			isa = XCConfigurationList;
			buildConfigurations = (
				C6C40F8C2AB2F70A00E958C1 /* Debug */,
				C6C40F8D2AB2F70A00E958C1 /* Release */,
			);
			defaultConfigurationIsVisible = 0;
			defaultConfigurationName = Release;
		};
/* End XCConfigurationList section */

/* Begin XCRemoteSwiftPackageReference section */
		C6DDF4AA2AE168B000A47EB7 /* XCRemoteSwiftPackageReference "CalendarKit" */ = {
			isa = XCRemoteSwiftPackageReference;
			repositoryURL = "https://github.com/richardtop/CalendarKit.git";
			requirement = {
				kind = upToNextMajorVersion;
				minimumVersion = 1.1.9;
			};
		};
/* End XCRemoteSwiftPackageReference section */

/* Begin XCSwiftPackageProductDependency section */
		C6DDF4AB2AE168B000A47EB7 /* CalendarKit */ = {
			isa = XCSwiftPackageProductDependency;
			package = C6DDF4AA2AE168B000A47EB7 /* XCRemoteSwiftPackageReference "CalendarKit" */;
			productName = CalendarKit;
		};
/* End XCSwiftPackageProductDependency section */

/* Begin XCVersionGroup section */
		C68DF9CB2AB9FE93006B0F70 /* Model.xcdatamodeld */ = {
			isa = XCVersionGroup;
			children = (
				C68DF9CC2AB9FE93006B0F70 /* Model.xcdatamodel */,
			);
			currentVersion = C68DF9CC2AB9FE93006B0F70 /* Model.xcdatamodel */;
			path = Model.xcdatamodeld;
			sourceTree = "<group>";
			versionGroupType = wrapper.xcdatamodel;
		};
/* End XCVersionGroup section */
	};
	rootObject = C6C40F6F2AB2F70700E958C1 /* Project object */;
}
