// !$*UTF8*$!
{
	archiveVersion = 1;
	classes = {
	};
	objectVersion = 56;
	objects = {

/* Begin PBXBuildFile section */
		C60D06EA2ACC767000B1F5BC /* Model.swift in Sources */ = {isa = PBXBuildFile; fileRef = C60D06E92ACC767000B1F5BC /* Model.swift */; };
		C61689512AD019ED00B102C5 /* IMG_8080.PNG in Resources */ = {isa = PBXBuildFile; fileRef = C61689492AD019EC00B102C5 /* IMG_8080.PNG */; };
		C61689522AD019ED00B102C5 /* IMG_8076.PNG in Resources */ = {isa = PBXBuildFile; fileRef = C616894A2AD019EC00B102C5 /* IMG_8076.PNG */; };
		C61689532AD019ED00B102C5 /* IMG_8078.PNG in Resources */ = {isa = PBXBuildFile; fileRef = C616894B2AD019EC00B102C5 /* IMG_8078.PNG */; };
		C61689542AD019ED00B102C5 /* IMG_8075.PNG in Resources */ = {isa = PBXBuildFile; fileRef = C616894C2AD019EC00B102C5 /* IMG_8075.PNG */; };
		C61689552AD019ED00B102C5 /* IMG_8073.PNG in Resources */ = {isa = PBXBuildFile; fileRef = C616894D2AD019EC00B102C5 /* IMG_8073.PNG */; };
		C61689562AD019ED00B102C5 /* IMG_8077.PNG in Resources */ = {isa = PBXBuildFile; fileRef = C616894E2AD019EC00B102C5 /* IMG_8077.PNG */; };
		C61689572AD019ED00B102C5 /* IMG_8074.PNG in Resources */ = {isa = PBXBuildFile; fileRef = C616894F2AD019ED00B102C5 /* IMG_8074.PNG */; };
		C61689582AD019ED00B102C5 /* IMG_8079.PNG in Resources */ = {isa = PBXBuildFile; fileRef = C61689502AD019ED00B102C5 /* IMG_8079.PNG */; };
		C6214CFF2ACEA33900E242AC /* CourseInfoVC.swift in Sources */ = {isa = PBXBuildFile; fileRef = C6214CFE2ACEA33900E242AC /* CourseInfoVC.swift */; };
		C6214D012ACEA9FB00E242AC /* CoreDataManager.swift in Sources */ = {isa = PBXBuildFile; fileRef = C6214D002ACEA9FB00E242AC /* CoreDataManager.swift */; };
		C6214D032ACED68C00E242AC /* NewSemesterVC.swift in Sources */ = {isa = PBXBuildFile; fileRef = C6214D022ACED68C00E242AC /* NewSemesterVC.swift */; };
		C62F81E12AD58F1A009A831F /* ResourcesVC.swift in Sources */ = {isa = PBXBuildFile; fileRef = C62F81E02AD58F1A009A831F /* ResourcesVC.swift */; };
		C65552522ACD5BE4006019DE /* EditCourseVC.swift in Sources */ = {isa = PBXBuildFile; fileRef = C65552512ACD5BE4006019DE /* EditCourseVC.swift */; };
		C67777112AD305E2009B61BA /* UITouch+extention.swift in Sources */ = {isa = PBXBuildFile; fileRef = C67777102AD305E2009B61BA /* UITouch+extention.swift */; };
		C67777122AD305E2009B61BA /* UIAlerts+extention.swift in Sources */ = {isa = PBXBuildFile; fileRef = C677770F2AD305E2009B61BA /* UIAlerts+extention.swift */; };
		C681251E2AD0022B008DE83E /* CourseSectionHeaderView.swift in Sources */ = {isa = PBXBuildFile; fileRef = C681251C2AD0022B008DE83E /* CourseSectionHeaderView.swift */; };
		C681251F2AD0022B008DE83E /* CourseSectionHeaderView.xib in Resources */ = {isa = PBXBuildFile; fileRef = C681251D2AD0022B008DE83E /* CourseSectionHeaderView.xib */; };
		C68125212AD00A6A008DE83E /* EditSemesterVC.swift in Sources */ = {isa = PBXBuildFile; fileRef = C68125202AD00A6A008DE83E /* EditSemesterVC.swift */; };
		C68DF9CD2AB9FE93006B0F70 /* Model.xcdatamodeld in Sources */ = {isa = PBXBuildFile; fileRef = C68DF9CB2AB9FE93006B0F70 /* Model.xcdatamodeld */; };
		C6AE4BD72AD450FA0037C821 /* LinkTVC.swift in Sources */ = {isa = PBXBuildFile; fileRef = C6AE4BD52AD450FA0037C821 /* LinkTVC.swift */; };
		C6AE4BD82AD450FA0037C821 /* LinkTVC.xib in Resources */ = {isa = PBXBuildFile; fileRef = C6AE4BD62AD450FA0037C821 /* LinkTVC.xib */; };
		C6BA53852ACD916D00924AD0 /* CourseDataManager.swift in Sources */ = {isa = PBXBuildFile; fileRef = C6BA53842ACD916D00924AD0 /* CourseDataManager.swift */; };
		C6BA53872ACDB4D800924AD0 /* SemesterEnum.swift in Sources */ = {isa = PBXBuildFile; fileRef = C6BA53862ACDB4D800924AD0 /* SemesterEnum.swift */; };
		C6C40F7B2AB2F70700E958C1 /* AppDelegate.swift in Sources */ = {isa = PBXBuildFile; fileRef = C6C40F7A2AB2F70700E958C1 /* AppDelegate.swift */; };
		C6C40F7D2AB2F70700E958C1 /* SceneDelegate.swift in Sources */ = {isa = PBXBuildFile; fileRef = C6C40F7C2AB2F70700E958C1 /* SceneDelegate.swift */; };
		C6C40F7F2AB2F70700E958C1 /* LoginVC.swift in Sources */ = {isa = PBXBuildFile; fileRef = C6C40F7E2AB2F70700E958C1 /* LoginVC.swift */; };
		C6C40F822AB2F70700E958C1 /* Main.storyboard in Resources */ = {isa = PBXBuildFile; fileRef = C6C40F802AB2F70700E958C1 /* Main.storyboard */; };
		C6C40F842AB2F70A00E958C1 /* Assets.xcassets in Resources */ = {isa = PBXBuildFile; fileRef = C6C40F832AB2F70A00E958C1 /* Assets.xcassets */; };
		C6C40F872AB2F70A00E958C1 /* LaunchScreen.storyboard in Resources */ = {isa = PBXBuildFile; fileRef = C6C40F852AB2F70A00E958C1 /* LaunchScreen.storyboard */; };
		C6C40F8F2AB2F81500E958C1 /* SignUpVC.swift in Sources */ = {isa = PBXBuildFile; fileRef = C6C40F8E2AB2F81500E958C1 /* SignUpVC.swift */; };
		C6C40F912AB301EA00E958C1 /* MainTabBarVC.swift in Sources */ = {isa = PBXBuildFile; fileRef = C6C40F902AB301EA00E958C1 /* MainTabBarVC.swift */; };
		C6C40F932AB3034300E958C1 /* CourseNC.swift in Sources */ = {isa = PBXBuildFile; fileRef = C6C40F922AB3034300E958C1 /* CourseNC.swift */; };
		C6C40F952AB3036200E958C1 /* CalendarNC.swift in Sources */ = {isa = PBXBuildFile; fileRef = C6C40F942AB3036200E958C1 /* CalendarNC.swift */; };
		C6C40F972AB3038000E958C1 /* AssignmentsNC.swift in Sources */ = {isa = PBXBuildFile; fileRef = C6C40F962AB3038000E958C1 /* AssignmentsNC.swift */; };
		C6C40F992AB3039B00E958C1 /* RemindersNC.swift in Sources */ = {isa = PBXBuildFile; fileRef = C6C40F982AB3039B00E958C1 /* RemindersNC.swift */; };
		C6C40F9B2AB3046D00E958C1 /* CourseVC.swift in Sources */ = {isa = PBXBuildFile; fileRef = C6C40F9A2AB3046D00E958C1 /* CourseVC.swift */; };
		C6C40F9D2AB3047B00E958C1 /* CalendarVC.swift in Sources */ = {isa = PBXBuildFile; fileRef = C6C40F9C2AB3047B00E958C1 /* CalendarVC.swift */; };
		C6C40F9F2AB3048900E958C1 /* AssignmentsVC.swift in Sources */ = {isa = PBXBuildFile; fileRef = C6C40F9E2AB3048900E958C1 /* AssignmentsVC.swift */; };
		C6C40FA12AB3049900E958C1 /* RemindersVC.swift in Sources */ = {isa = PBXBuildFile; fileRef = C6C40FA02AB3049900E958C1 /* RemindersVC.swift */; };
		C6C40FA32AB30E9F00E958C1 /* UserLogin.swift in Sources */ = {isa = PBXBuildFile; fileRef = C6C40FA22AB30E9F00E958C1 /* UserLogin.swift */; };
		C6C40FA62AB33B3A00E958C1 /* CourseTVC.swift in Sources */ = {isa = PBXBuildFile; fileRef = C6C40FA42AB33B3A00E958C1 /* CourseTVC.swift */; };
		C6C40FA72AB33B3A00E958C1 /* CourseTVC.xib in Resources */ = {isa = PBXBuildFile; fileRef = C6C40FA52AB33B3A00E958C1 /* CourseTVC.xib */; };
		C6D8D64D2AD40F85009A1F9F /* ResourcesTVC.swift in Sources */ = {isa = PBXBuildFile; fileRef = C6D8D64B2AD40F85009A1F9F /* ResourcesTVC.swift */; };
		C6D8D64E2AD40F85009A1F9F /* ResourcesTVC.xib in Resources */ = {isa = PBXBuildFile; fileRef = C6D8D64C2AD40F85009A1F9F /* ResourcesTVC.xib */; };
		C6D8D6522AD42575009A1F9F /* AddResourcesVC.swift in Sources */ = {isa = PBXBuildFile; fileRef = C6D8D6512AD42575009A1F9F /* AddResourcesVC.swift */; };
		C6E8E0AF2AD5CBAE00FA56E9 /* ResourcesSectionHeaderView.swift in Sources */ = {isa = PBXBuildFile; fileRef = C6E8E0AE2AD5CBAE00FA56E9 /* ResourcesSectionHeaderView.swift */; };
		C6E8E0B12AD5CC9F00FA56E9 /* ResourcesSectionHeaderView.xib in Resources */ = {isa = PBXBuildFile; fileRef = C6E8E0B02AD5CC9F00FA56E9 /* ResourcesSectionHeaderView.xib */; };
		C6E8E0B32AD5CF7A00FA56E9 /* LinksListVC.swift in Sources */ = {isa = PBXBuildFile; fileRef = C6E8E0B22AD5CF7A00FA56E9 /* LinksListVC.swift */; };
		C6F745B12AB8764700780F90 /* AddCourseVC.swift in Sources */ = {isa = PBXBuildFile; fileRef = C6F745B02AB8764700780F90 /* AddCourseVC.swift */; };
/* End PBXBuildFile section */

/* Begin PBXFileReference section */
		C60D06E92ACC767000B1F5BC /* Model.swift */ = {isa = PBXFileReference; lastKnownFileType = sourcecode.swift; path = Model.swift; sourceTree = "<group>"; };
		C61689492AD019EC00B102C5 /* IMG_8080.PNG */ = {isa = PBXFileReference; lastKnownFileType = image.png; path = IMG_8080.PNG; sourceTree = "<group>"; };
		C616894A2AD019EC00B102C5 /* IMG_8076.PNG */ = {isa = PBXFileReference; lastKnownFileType = image.png; path = IMG_8076.PNG; sourceTree = "<group>"; };
		C616894B2AD019EC00B102C5 /* IMG_8078.PNG */ = {isa = PBXFileReference; lastKnownFileType = image.png; path = IMG_8078.PNG; sourceTree = "<group>"; };
		C616894C2AD019EC00B102C5 /* IMG_8075.PNG */ = {isa = PBXFileReference; lastKnownFileType = image.png; path = IMG_8075.PNG; sourceTree = "<group>"; };
		C616894D2AD019EC00B102C5 /* IMG_8073.PNG */ = {isa = PBXFileReference; lastKnownFileType = image.png; path = IMG_8073.PNG; sourceTree = "<group>"; };
		C616894E2AD019EC00B102C5 /* IMG_8077.PNG */ = {isa = PBXFileReference; lastKnownFileType = image.png; path = IMG_8077.PNG; sourceTree = "<group>"; };
		C616894F2AD019ED00B102C5 /* IMG_8074.PNG */ = {isa = PBXFileReference; lastKnownFileType = image.png; path = IMG_8074.PNG; sourceTree = "<group>"; };
		C61689502AD019ED00B102C5 /* IMG_8079.PNG */ = {isa = PBXFileReference; lastKnownFileType = image.png; path = IMG_8079.PNG; sourceTree = "<group>"; };
		C6214CFE2ACEA33900E242AC /* CourseInfoVC.swift */ = {isa = PBXFileReference; lastKnownFileType = sourcecode.swift; path = CourseInfoVC.swift; sourceTree = "<group>"; };
		C6214D002ACEA9FB00E242AC /* CoreDataManager.swift */ = {isa = PBXFileReference; lastKnownFileType = sourcecode.swift; path = CoreDataManager.swift; sourceTree = "<group>"; };
		C6214D022ACED68C00E242AC /* NewSemesterVC.swift */ = {isa = PBXFileReference; lastKnownFileType = sourcecode.swift; path = NewSemesterVC.swift; sourceTree = "<group>"; };
		C62F81E02AD58F1A009A831F /* ResourcesVC.swift */ = {isa = PBXFileReference; lastKnownFileType = sourcecode.swift; path = ResourcesVC.swift; sourceTree = "<group>"; };
		C65552512ACD5BE4006019DE /* EditCourseVC.swift */ = {isa = PBXFileReference; lastKnownFileType = sourcecode.swift; path = EditCourseVC.swift; sourceTree = "<group>"; };
		C677770F2AD305E2009B61BA /* UIAlerts+extention.swift */ = {isa = PBXFileReference; lastKnownFileType = sourcecode.swift; path = "UIAlerts+extention.swift"; sourceTree = "<group>"; };
		C67777102AD305E2009B61BA /* UITouch+extention.swift */ = {isa = PBXFileReference; lastKnownFileType = sourcecode.swift; path = "UITouch+extention.swift"; sourceTree = "<group>"; };
		C681251C2AD0022B008DE83E /* CourseSectionHeaderView.swift */ = {isa = PBXFileReference; lastKnownFileType = sourcecode.swift; path = CourseSectionHeaderView.swift; sourceTree = "<group>"; };
		C681251D2AD0022B008DE83E /* CourseSectionHeaderView.xib */ = {isa = PBXFileReference; lastKnownFileType = file.xib; path = CourseSectionHeaderView.xib; sourceTree = "<group>"; };
		C68125202AD00A6A008DE83E /* EditSemesterVC.swift */ = {isa = PBXFileReference; lastKnownFileType = sourcecode.swift; path = EditSemesterVC.swift; sourceTree = "<group>"; };
		C68DF9CC2AB9FE93006B0F70 /* Model.xcdatamodel */ = {isa = PBXFileReference; lastKnownFileType = wrapper.xcdatamodel; path = Model.xcdatamodel; sourceTree = "<group>"; };
		C6AE4BD52AD450FA0037C821 /* LinkTVC.swift */ = {isa = PBXFileReference; lastKnownFileType = sourcecode.swift; path = LinkTVC.swift; sourceTree = "<group>"; };
		C6AE4BD62AD450FA0037C821 /* LinkTVC.xib */ = {isa = PBXFileReference; lastKnownFileType = file.xib; path = LinkTVC.xib; sourceTree = "<group>"; };
		C6BA53842ACD916D00924AD0 /* CourseDataManager.swift */ = {isa = PBXFileReference; lastKnownFileType = sourcecode.swift; path = CourseDataManager.swift; sourceTree = "<group>"; };
		C6BA53862ACDB4D800924AD0 /* SemesterEnum.swift */ = {isa = PBXFileReference; lastKnownFileType = sourcecode.swift; path = SemesterEnum.swift; sourceTree = "<group>"; };
		C6C40F772AB2F70700E958C1 /* UX-Prototype.app */ = {isa = PBXFileReference; explicitFileType = wrapper.application; includeInIndex = 0; path = "UX-Prototype.app"; sourceTree = BUILT_PRODUCTS_DIR; };
		C6C40F7A2AB2F70700E958C1 /* AppDelegate.swift */ = {isa = PBXFileReference; lastKnownFileType = sourcecode.swift; path = AppDelegate.swift; sourceTree = "<group>"; };
		C6C40F7C2AB2F70700E958C1 /* SceneDelegate.swift */ = {isa = PBXFileReference; lastKnownFileType = sourcecode.swift; path = SceneDelegate.swift; sourceTree = "<group>"; };
		C6C40F7E2AB2F70700E958C1 /* LoginVC.swift */ = {isa = PBXFileReference; lastKnownFileType = sourcecode.swift; path = LoginVC.swift; sourceTree = "<group>"; };
		C6C40F812AB2F70700E958C1 /* Base */ = {isa = PBXFileReference; lastKnownFileType = file.storyboard; name = Base; path = Base.lproj/Main.storyboard; sourceTree = "<group>"; };
		C6C40F832AB2F70A00E958C1 /* Assets.xcassets */ = {isa = PBXFileReference; lastKnownFileType = folder.assetcatalog; path = Assets.xcassets; sourceTree = "<group>"; };
		C6C40F862AB2F70A00E958C1 /* Base */ = {isa = PBXFileReference; lastKnownFileType = file.storyboard; name = Base; path = Base.lproj/LaunchScreen.storyboard; sourceTree = "<group>"; };
		C6C40F882AB2F70A00E958C1 /* Info.plist */ = {isa = PBXFileReference; lastKnownFileType = text.plist.xml; path = Info.plist; sourceTree = "<group>"; };
		C6C40F8E2AB2F81500E958C1 /* SignUpVC.swift */ = {isa = PBXFileReference; lastKnownFileType = sourcecode.swift; path = SignUpVC.swift; sourceTree = "<group>"; };
		C6C40F902AB301EA00E958C1 /* MainTabBarVC.swift */ = {isa = PBXFileReference; lastKnownFileType = sourcecode.swift; path = MainTabBarVC.swift; sourceTree = "<group>"; };
		C6C40F922AB3034300E958C1 /* CourseNC.swift */ = {isa = PBXFileReference; lastKnownFileType = sourcecode.swift; path = CourseNC.swift; sourceTree = "<group>"; };
		C6C40F942AB3036200E958C1 /* CalendarNC.swift */ = {isa = PBXFileReference; lastKnownFileType = sourcecode.swift; path = CalendarNC.swift; sourceTree = "<group>"; };
		C6C40F962AB3038000E958C1 /* AssignmentsNC.swift */ = {isa = PBXFileReference; lastKnownFileType = sourcecode.swift; path = AssignmentsNC.swift; sourceTree = "<group>"; };
		C6C40F982AB3039B00E958C1 /* RemindersNC.swift */ = {isa = PBXFileReference; lastKnownFileType = sourcecode.swift; path = RemindersNC.swift; sourceTree = "<group>"; };
		C6C40F9A2AB3046D00E958C1 /* CourseVC.swift */ = {isa = PBXFileReference; lastKnownFileType = sourcecode.swift; path = CourseVC.swift; sourceTree = "<group>"; };
		C6C40F9C2AB3047B00E958C1 /* CalendarVC.swift */ = {isa = PBXFileReference; lastKnownFileType = sourcecode.swift; path = CalendarVC.swift; sourceTree = "<group>"; };
		C6C40F9E2AB3048900E958C1 /* AssignmentsVC.swift */ = {isa = PBXFileReference; lastKnownFileType = sourcecode.swift; path = AssignmentsVC.swift; sourceTree = "<group>"; };
		C6C40FA02AB3049900E958C1 /* RemindersVC.swift */ = {isa = PBXFileReference; lastKnownFileType = sourcecode.swift; path = RemindersVC.swift; sourceTree = "<group>"; };
		C6C40FA22AB30E9F00E958C1 /* UserLogin.swift */ = {isa = PBXFileReference; lastKnownFileType = sourcecode.swift; path = UserLogin.swift; sourceTree = "<group>"; };
		C6C40FA42AB33B3A00E958C1 /* CourseTVC.swift */ = {isa = PBXFileReference; lastKnownFileType = sourcecode.swift; path = CourseTVC.swift; sourceTree = "<group>"; };
		C6C40FA52AB33B3A00E958C1 /* CourseTVC.xib */ = {isa = PBXFileReference; lastKnownFileType = file.xib; path = CourseTVC.xib; sourceTree = "<group>"; };
		C6D8D64B2AD40F85009A1F9F /* ResourcesTVC.swift */ = {isa = PBXFileReference; lastKnownFileType = sourcecode.swift; path = ResourcesTVC.swift; sourceTree = "<group>"; };
		C6D8D64C2AD40F85009A1F9F /* ResourcesTVC.xib */ = {isa = PBXFileReference; lastKnownFileType = file.xib; path = ResourcesTVC.xib; sourceTree = "<group>"; };
		C6D8D6512AD42575009A1F9F /* AddResourcesVC.swift */ = {isa = PBXFileReference; lastKnownFileType = sourcecode.swift; path = AddResourcesVC.swift; sourceTree = "<group>"; };
		C6E8E0AE2AD5CBAE00FA56E9 /* ResourcesSectionHeaderView.swift */ = {isa = PBXFileReference; lastKnownFileType = sourcecode.swift; path = ResourcesSectionHeaderView.swift; sourceTree = "<group>"; };
		C6E8E0B02AD5CC9F00FA56E9 /* ResourcesSectionHeaderView.xib */ = {isa = PBXFileReference; fileEncoding = 4; lastKnownFileType = file.xib; path = ResourcesSectionHeaderView.xib; sourceTree = "<group>"; };
		C6E8E0B22AD5CF7A00FA56E9 /* LinksListVC.swift */ = {isa = PBXFileReference; lastKnownFileType = sourcecode.swift; path = LinksListVC.swift; sourceTree = "<group>"; };
		C6F745B02AB8764700780F90 /* AddCourseVC.swift */ = {isa = PBXFileReference; lastKnownFileType = sourcecode.swift; path = AddCourseVC.swift; sourceTree = "<group>"; };
/* End PBXFileReference section */

/* Begin PBXFrameworksBuildPhase section */
		C6C40F742AB2F70700E958C1 /* Frameworks */ = {
			isa = PBXFrameworksBuildPhase;
			buildActionMask = 2147483647;
			files = (
			);
			runOnlyForDeploymentPostprocessing = 0;
		};
/* End PBXFrameworksBuildPhase section */

/* Begin PBXGroup section */
		C60D06EB2ACC767700B1F5BC /* Models */ = {
			isa = PBXGroup;
			children = (
				C60D06E92ACC767000B1F5BC /* Model.swift */,
			);
			path = Models;
			sourceTree = "<group>";
		};
		C60D5B162AD68AAA004B4595 /* Controllers */ = {
			isa = PBXGroup;
			children = (
				C6214D002ACEA9FB00E242AC /* CoreDataManager.swift */,
				C6BA53842ACD916D00924AD0 /* CourseDataManager.swift */,
			);
			path = Controllers;
			sourceTree = "<group>";
		};
		C60D5B172AD68ACF004B4595 /* Enums */ = {
			isa = PBXGroup;
			children = (
				C6BA53862ACDB4D800924AD0 /* SemesterEnum.swift */,
			);
			path = Enums;
			sourceTree = "<group>";
		};
		C60D5B192AD68B42004B4595 /* Utils */ = {
			isa = PBXGroup;
			children = (
				C67777132AD305EC009B61BA /* Extenstions */,
				C60D5B172AD68ACF004B4595 /* Enums */,
				C6D8D6422AD3D706009A1F9F /* Authentication */,
			);
			path = Utils;
			sourceTree = "<group>";
		};
		C63432F12AD687D900775A7B /* Course */ = {
			isa = PBXGroup;
			children = (
				C6C40F9A2AB3046D00E958C1 /* CourseVC.swift */,
				C6F745B02AB8764700780F90 /* AddCourseVC.swift */,
				C65552512ACD5BE4006019DE /* EditCourseVC.swift */,
				C6214CFE2ACEA33900E242AC /* CourseInfoVC.swift */,
				C6214D022ACED68C00E242AC /* NewSemesterVC.swift */,
				C68125202AD00A6A008DE83E /* EditSemesterVC.swift */,
				C6D8D6512AD42575009A1F9F /* AddResourcesVC.swift */,
				C62F81E02AD58F1A009A831F /* ResourcesVC.swift */,
				C6E8E0B22AD5CF7A00FA56E9 /* LinksListVC.swift */,
			);
			path = Course;
			sourceTree = "<group>";
		};
		C63432F22AD687EA00775A7B /* Calendar */ = {
			isa = PBXGroup;
			children = (
				C6C40F9C2AB3047B00E958C1 /* CalendarVC.swift */,
			);
			path = Calendar;
			sourceTree = "<group>";
		};
		C63432F32AD687F600775A7B /* Assignments */ = {
			isa = PBXGroup;
			children = (
				C6C40F9E2AB3048900E958C1 /* AssignmentsVC.swift */,
			);
			path = Assignments;
			sourceTree = "<group>";
		};
		C63432F42AD6880700775A7B /* Reminders */ = {
			isa = PBXGroup;
			children = (
				C6C40FA02AB3049900E958C1 /* RemindersVC.swift */,
			);
			path = Reminders;
			sourceTree = "<group>";
		};
		C63432F52AD6889E00775A7B /* CustomTableViewCell */ = {
			isa = PBXGroup;
			children = (
				C6AE4BD62AD450FA0037C821 /* LinkTVC.xib */,
				C6AE4BD52AD450FA0037C821 /* LinkTVC.swift */,
				C6D8D64C2AD40F85009A1F9F /* ResourcesTVC.xib */,
				C6D8D64B2AD40F85009A1F9F /* ResourcesTVC.swift */,
				C6C40FA52AB33B3A00E958C1 /* CourseTVC.xib */,
				C6C40FA42AB33B3A00E958C1 /* CourseTVC.swift */,
			);
			path = CustomTableViewCell;
			sourceTree = "<group>";
		};
		C63432F62AD688AE00775A7B /* CustomSectionHeader */ = {
			isa = PBXGroup;
			children = (
				C6E8E0B02AD5CC9F00FA56E9 /* ResourcesSectionHeaderView.xib */,
				C6E8E0AE2AD5CBAE00FA56E9 /* ResourcesSectionHeaderView.swift */,
				C681251D2AD0022B008DE83E /* CourseSectionHeaderView.xib */,
				C681251C2AD0022B008DE83E /* CourseSectionHeaderView.swift */,
			);
			path = CustomSectionHeader;
			sourceTree = "<group>";
		};
		C634F1FF2ABB2E3600CC1B91 /* ScreenShot */ = {
			isa = PBXGroup;
			children = (
				C616894D2AD019EC00B102C5 /* IMG_8073.PNG */,
				C616894F2AD019ED00B102C5 /* IMG_8074.PNG */,
				C616894C2AD019EC00B102C5 /* IMG_8075.PNG */,
				C616894A2AD019EC00B102C5 /* IMG_8076.PNG */,
				C616894E2AD019EC00B102C5 /* IMG_8077.PNG */,
				C616894B2AD019EC00B102C5 /* IMG_8078.PNG */,
				C61689502AD019ED00B102C5 /* IMG_8079.PNG */,
				C61689492AD019EC00B102C5 /* IMG_8080.PNG */,
			);
			path = ScreenShot;
			sourceTree = "<group>";
		};
		C67777132AD305EC009B61BA /* Extenstions */ = {
			isa = PBXGroup;
			children = (
				C677770F2AD305E2009B61BA /* UIAlerts+extention.swift */,
				C67777102AD305E2009B61BA /* UITouch+extention.swift */,
			);
			path = Extenstions;
			sourceTree = "<group>";
		};
		C6C40F6E2AB2F70700E958C1 = {
			isa = PBXGroup;
			children = (
				C6C40F792AB2F70700E958C1 /* UX-Prototype */,
				C6C40F782AB2F70700E958C1 /* Products */,
			);
			sourceTree = "<group>";
		};
		C6C40F782AB2F70700E958C1 /* Products */ = {
			isa = PBXGroup;
			children = (
				C6C40F772AB2F70700E958C1 /* UX-Prototype.app */,
			);
			name = Products;
			sourceTree = "<group>";
		};
		C6C40F792AB2F70700E958C1 /* UX-Prototype */ = {
			isa = PBXGroup;
			children = (
				C6C40F7A2AB2F70700E958C1 /* AppDelegate.swift */,
				C6C40F7C2AB2F70700E958C1 /* SceneDelegate.swift */,
				C60D06EB2ACC767700B1F5BC /* Models */,
				C6F745AF2AB7750800780F90 /* Views */,
				C60D5B162AD68AAA004B4595 /* Controllers */,
				C6C40F802AB2F70700E958C1 /* Main.storyboard */,
				C6C40F852AB2F70A00E958C1 /* LaunchScreen.storyboard */,
				C6C40F832AB2F70A00E958C1 /* Assets.xcassets */,
				C68DF9CB2AB9FE93006B0F70 /* Model.xcdatamodeld */,
				C6C40F882AB2F70A00E958C1 /* Info.plist */,
				C60D5B192AD68B42004B4595 /* Utils */,
				C634F1FF2ABB2E3600CC1B91 /* ScreenShot */,
			);
			path = "UX-Prototype";
			sourceTree = "<group>";
		};
		C6C40FA92AB33D6900E958C1 /* CustomViews */ = {
			isa = PBXGroup;
			children = (
				C63432F62AD688AE00775A7B /* CustomSectionHeader */,
				C63432F52AD6889E00775A7B /* CustomTableViewCell */,
			);
			path = CustomViews;
			sourceTree = "<group>";
		};
		C6D8D6422AD3D706009A1F9F /* Authentication */ = {
			isa = PBXGroup;
			children = (
				C6C40FA22AB30E9F00E958C1 /* UserLogin.swift */,
			);
			path = Authentication;
			sourceTree = "<group>";
		};
		C6F745AA2AB774AE00780F90 /* MainVC */ = {
			isa = PBXGroup;
			children = (
				C63432F12AD687D900775A7B /* Course */,
				C63432F22AD687EA00775A7B /* Calendar */,
				C63432F32AD687F600775A7B /* Assignments */,
				C63432F42AD6880700775A7B /* Reminders */,
			);
			path = MainVC;
			sourceTree = "<group>";
		};
		C6F745AB2AB774C200780F90 /* MainNC */ = {
			isa = PBXGroup;
			children = (
				C6C40F922AB3034300E958C1 /* CourseNC.swift */,
				C6C40F942AB3036200E958C1 /* CalendarNC.swift */,
				C6C40F962AB3038000E958C1 /* AssignmentsNC.swift */,
				C6C40F982AB3039B00E958C1 /* RemindersNC.swift */,
			);
			path = MainNC;
			sourceTree = "<group>";
		};
		C6F745AC2AB774D300780F90 /* LoginVC */ = {
			isa = PBXGroup;
			children = (
				C6C40F7E2AB2F70700E958C1 /* LoginVC.swift */,
				C6C40F8E2AB2F81500E958C1 /* SignUpVC.swift */,
			);
			path = LoginVC;
			sourceTree = "<group>";
		};
		C6F745AD2AB774ED00780F90 /* Main */ = {
			isa = PBXGroup;
			children = (
				C6C40F902AB301EA00E958C1 /* MainTabBarVC.swift */,
				C6F745AB2AB774C200780F90 /* MainNC */,
				C6F745AA2AB774AE00780F90 /* MainVC */,
			);
			path = Main;
			sourceTree = "<group>";
		};
		C6F745AE2AB774F800780F90 /* Login */ = {
			isa = PBXGroup;
			children = (
				C6F745AC2AB774D300780F90 /* LoginVC */,
			);
			path = Login;
			sourceTree = "<group>";
		};
		C6F745AF2AB7750800780F90 /* Views */ = {
			isa = PBXGroup;
			children = (
				C6C40FA92AB33D6900E958C1 /* CustomViews */,
				C6F745AE2AB774F800780F90 /* Login */,
				C6F745AD2AB774ED00780F90 /* Main */,
			);
			path = Views;
			sourceTree = "<group>";
		};
/* End PBXGroup section */

/* Begin PBXNativeTarget section */
		C6C40F762AB2F70700E958C1 /* UX-Prototype */ = {
			isa = PBXNativeTarget;
			buildConfigurationList = C6C40F8B2AB2F70A00E958C1 /* Build configuration list for PBXNativeTarget "UX-Prototype" */;
			buildPhases = (
				C6C40F732AB2F70700E958C1 /* Sources */,
				C6C40F742AB2F70700E958C1 /* Frameworks */,
				C6C40F752AB2F70700E958C1 /* Resources */,
			);
			buildRules = (
			);
			dependencies = (
			);
			name = "UX-Prototype";
			productName = "UX-Prototype";
			productReference = C6C40F772AB2F70700E958C1 /* UX-Prototype.app */;
			productType = "com.apple.product-type.application";
		};
/* End PBXNativeTarget section */

/* Begin PBXProject section */
		C6C40F6F2AB2F70700E958C1 /* Project object */ = {
			isa = PBXProject;
			attributes = {
				BuildIndependentTargetsInParallel = 1;
				LastSwiftUpdateCheck = 1430;
				LastUpgradeCheck = 1500;
				TargetAttributes = {
					C6C40F762AB2F70700E958C1 = {
						CreatedOnToolsVersion = 14.3.1;
					};
				};
			};
			buildConfigurationList = C6C40F722AB2F70700E958C1 /* Build configuration list for PBXProject "UX-Prototype" */;
			compatibilityVersion = "Xcode 14.0";
			developmentRegion = en;
			hasScannedForEncodings = 0;
			knownRegions = (
				en,
				Base,
			);
			mainGroup = C6C40F6E2AB2F70700E958C1;
			productRefGroup = C6C40F782AB2F70700E958C1 /* Products */;
			projectDirPath = "";
			projectRoot = "";
			targets = (
				C6C40F762AB2F70700E958C1 /* UX-Prototype */,
			);
		};
/* End PBXProject section */

/* Begin PBXResourcesBuildPhase section */
		C6C40F752AB2F70700E958C1 /* Resources */ = {
			isa = PBXResourcesBuildPhase;
			buildActionMask = 2147483647;
			files = (
				C61689562AD019ED00B102C5 /* IMG_8077.PNG in Resources */,
				C681251F2AD0022B008DE83E /* CourseSectionHeaderView.xib in Resources */,
				C61689572AD019ED00B102C5 /* IMG_8074.PNG in Resources */,
				C6E8E0B12AD5CC9F00FA56E9 /* ResourcesSectionHeaderView.xib in Resources */,
				C61689552AD019ED00B102C5 /* IMG_8073.PNG in Resources */,
				C61689522AD019ED00B102C5 /* IMG_8076.PNG in Resources */,
				C61689532AD019ED00B102C5 /* IMG_8078.PNG in Resources */,
				C6C40F872AB2F70A00E958C1 /* LaunchScreen.storyboard in Resources */,
				C6C40FA72AB33B3A00E958C1 /* CourseTVC.xib in Resources */,
				C61689542AD019ED00B102C5 /* IMG_8075.PNG in Resources */,
				C6C40F842AB2F70A00E958C1 /* Assets.xcassets in Resources */,
				C61689582AD019ED00B102C5 /* IMG_8079.PNG in Resources */,
				C6C40F822AB2F70700E958C1 /* Main.storyboard in Resources */,
				C6D8D64E2AD40F85009A1F9F /* ResourcesTVC.xib in Resources */,
				C61689512AD019ED00B102C5 /* IMG_8080.PNG in Resources */,
				C6AE4BD82AD450FA0037C821 /* LinkTVC.xib in Resources */,
			);
			runOnlyForDeploymentPostprocessing = 0;
		};
/* End PBXResourcesBuildPhase section */

/* Begin PBXSourcesBuildPhase section */
		C6C40F732AB2F70700E958C1 /* Sources */ = {
			isa = PBXSourcesBuildPhase;
			buildActionMask = 2147483647;
			files = (
				C62F81E12AD58F1A009A831F /* ResourcesVC.swift in Sources */,
				C6C40F8F2AB2F81500E958C1 /* SignUpVC.swift in Sources */,
				C6D8D6522AD42575009A1F9F /* AddResourcesVC.swift in Sources */,
				C68125212AD00A6A008DE83E /* EditSemesterVC.swift in Sources */,
				C6C40F932AB3034300E958C1 /* CourseNC.swift in Sources */,
				C6C40F9D2AB3047B00E958C1 /* CalendarVC.swift in Sources */,
				C6BA53852ACD916D00924AD0 /* CourseDataManager.swift in Sources */,
				C6214D032ACED68C00E242AC /* NewSemesterVC.swift in Sources */,
				C6C40F912AB301EA00E958C1 /* MainTabBarVC.swift in Sources */,
				C68DF9CD2AB9FE93006B0F70 /* Model.xcdatamodeld in Sources */,
				C6C40F9B2AB3046D00E958C1 /* CourseVC.swift in Sources */,
				C67777122AD305E2009B61BA /* UIAlerts+extention.swift in Sources */,
				C6C40F992AB3039B00E958C1 /* RemindersNC.swift in Sources */,
				C65552522ACD5BE4006019DE /* EditCourseVC.swift in Sources */,
				C6214CFF2ACEA33900E242AC /* CourseInfoVC.swift in Sources */,
				C6C40F972AB3038000E958C1 /* AssignmentsNC.swift in Sources */,
				C6C40F7F2AB2F70700E958C1 /* LoginVC.swift in Sources */,
				C6C40FA12AB3049900E958C1 /* RemindersVC.swift in Sources */,
				C6D8D64D2AD40F85009A1F9F /* ResourcesTVC.swift in Sources */,
				C6C40F7B2AB2F70700E958C1 /* AppDelegate.swift in Sources */,
				C6C40F7D2AB2F70700E958C1 /* SceneDelegate.swift in Sources */,
				C6C40FA62AB33B3A00E958C1 /* CourseTVC.swift in Sources */,
				C6E8E0B32AD5CF7A00FA56E9 /* LinksListVC.swift in Sources */,
				C6214D012ACEA9FB00E242AC /* CoreDataManager.swift in Sources */,
				C6C40F952AB3036200E958C1 /* CalendarNC.swift in Sources */,
				C6E8E0AF2AD5CBAE00FA56E9 /* ResourcesSectionHeaderView.swift in Sources */,
				C6BA53872ACDB4D800924AD0 /* SemesterEnum.swift in Sources */,
				C6C40FA32AB30E9F00E958C1 /* UserLogin.swift in Sources */,
				C681251E2AD0022B008DE83E /* CourseSectionHeaderView.swift in Sources */,
				C67777112AD305E2009B61BA /* UITouch+extention.swift in Sources */,
				C60D06EA2ACC767000B1F5BC /* Model.swift in Sources */,
				C6AE4BD72AD450FA0037C821 /* LinkTVC.swift in Sources */,
				C6C40F9F2AB3048900E958C1 /* AssignmentsVC.swift in Sources */,
				C6F745B12AB8764700780F90 /* AddCourseVC.swift in Sources */,
			);
			runOnlyForDeploymentPostprocessing = 0;
		};
/* End PBXSourcesBuildPhase section */

/* Begin PBXVariantGroup section */
		C6C40F802AB2F70700E958C1 /* Main.storyboard */ = {
			isa = PBXVariantGroup;
			children = (
				C6C40F812AB2F70700E958C1 /* Base */,
			);
			name = Main.storyboard;
			sourceTree = "<group>";
		};
		C6C40F852AB2F70A00E958C1 /* LaunchScreen.storyboard */ = {
			isa = PBXVariantGroup;
			children = (
				C6C40F862AB2F70A00E958C1 /* Base */,
			);
			name = LaunchScreen.storyboard;
			sourceTree = "<group>";
		};
/* End PBXVariantGroup section */

/* Begin XCBuildConfiguration section */
		C6C40F892AB2F70A00E958C1 /* Debug */ = {
			isa = XCBuildConfiguration;
			buildSettings = {
				ALWAYS_SEARCH_USER_PATHS = NO;
				CLANG_ANALYZER_NONNULL = YES;
				CLANG_ANALYZER_NUMBER_OBJECT_CONVERSION = YES_AGGRESSIVE;
				CLANG_CXX_LANGUAGE_STANDARD = "gnu++20";
				CLANG_ENABLE_MODULES = YES;
				CLANG_ENABLE_OBJC_ARC = YES;
				CLANG_ENABLE_OBJC_WEAK = YES;
				CLANG_WARN_BLOCK_CAPTURE_AUTORELEASING = YES;
				CLANG_WARN_BOOL_CONVERSION = YES;
				CLANG_WARN_COMMA = YES;
				CLANG_WARN_CONSTANT_CONVERSION = YES;
				CLANG_WARN_DEPRECATED_OBJC_IMPLEMENTATIONS = YES;
				CLANG_WARN_DIRECT_OBJC_ISA_USAGE = YES_ERROR;
				CLANG_WARN_DOCUMENTATION_COMMENTS = YES;
				CLANG_WARN_EMPTY_BODY = YES;
				CLANG_WARN_ENUM_CONVERSION = YES;
				CLANG_WARN_INFINITE_RECURSION = YES;
				CLANG_WARN_INT_CONVERSION = YES;
				CLANG_WARN_NON_LITERAL_NULL_CONVERSION = YES;
				CLANG_WARN_OBJC_IMPLICIT_RETAIN_SELF = YES;
				CLANG_WARN_OBJC_LITERAL_CONVERSION = YES;
				CLANG_WARN_OBJC_ROOT_CLASS = YES_ERROR;
				CLANG_WARN_QUOTED_INCLUDE_IN_FRAMEWORK_HEADER = YES;
				CLANG_WARN_RANGE_LOOP_ANALYSIS = YES;
				CLANG_WARN_STRICT_PROTOTYPES = YES;
				CLANG_WARN_SUSPICIOUS_MOVE = YES;
				CLANG_WARN_UNGUARDED_AVAILABILITY = YES_AGGRESSIVE;
				CLANG_WARN_UNREACHABLE_CODE = YES;
				CLANG_WARN__DUPLICATE_METHOD_MATCH = YES;
				COPY_PHASE_STRIP = NO;
				DEBUG_INFORMATION_FORMAT = dwarf;
				ENABLE_STRICT_OBJC_MSGSEND = YES;
				ENABLE_TESTABILITY = YES;
				ENABLE_USER_SCRIPT_SANDBOXING = YES;
				GCC_C_LANGUAGE_STANDARD = gnu11;
				GCC_DYNAMIC_NO_PIC = NO;
				GCC_NO_COMMON_BLOCKS = YES;
				GCC_OPTIMIZATION_LEVEL = 0;
				GCC_PREPROCESSOR_DEFINITIONS = (
					"DEBUG=1",
					"$(inherited)",
				);
				GCC_WARN_64_TO_32_BIT_CONVERSION = YES;
				GCC_WARN_ABOUT_RETURN_TYPE = YES_ERROR;
				GCC_WARN_UNDECLARED_SELECTOR = YES;
				GCC_WARN_UNINITIALIZED_AUTOS = YES_AGGRESSIVE;
				GCC_WARN_UNUSED_FUNCTION = YES;
				GCC_WARN_UNUSED_VARIABLE = YES;
				IPHONEOS_DEPLOYMENT_TARGET = 16.0;
				MTL_ENABLE_DEBUG_INFO = INCLUDE_SOURCE;
				MTL_FAST_MATH = YES;
				ONLY_ACTIVE_ARCH = YES;
				SDKROOT = iphoneos;
				SWIFT_ACTIVE_COMPILATION_CONDITIONS = DEBUG;
				SWIFT_OPTIMIZATION_LEVEL = "-Onone";
			};
			name = Debug;
		};
		C6C40F8A2AB2F70A00E958C1 /* Release */ = {
			isa = XCBuildConfiguration;
			buildSettings = {
				ALWAYS_SEARCH_USER_PATHS = NO;
				CLANG_ANALYZER_NONNULL = YES;
				CLANG_ANALYZER_NUMBER_OBJECT_CONVERSION = YES_AGGRESSIVE;
				CLANG_CXX_LANGUAGE_STANDARD = "gnu++20";
				CLANG_ENABLE_MODULES = YES;
				CLANG_ENABLE_OBJC_ARC = YES;
				CLANG_ENABLE_OBJC_WEAK = YES;
				CLANG_WARN_BLOCK_CAPTURE_AUTORELEASING = YES;
				CLANG_WARN_BOOL_CONVERSION = YES;
				CLANG_WARN_COMMA = YES;
				CLANG_WARN_CONSTANT_CONVERSION = YES;
				CLANG_WARN_DEPRECATED_OBJC_IMPLEMENTATIONS = YES;
				CLANG_WARN_DIRECT_OBJC_ISA_USAGE = YES_ERROR;
				CLANG_WARN_DOCUMENTATION_COMMENTS = YES;
				CLANG_WARN_EMPTY_BODY = YES;
				CLANG_WARN_ENUM_CONVERSION = YES;
				CLANG_WARN_INFINITE_RECURSION = YES;
				CLANG_WARN_INT_CONVERSION = YES;
				CLANG_WARN_NON_LITERAL_NULL_CONVERSION = YES;
				CLANG_WARN_OBJC_IMPLICIT_RETAIN_SELF = YES;
				CLANG_WARN_OBJC_LITERAL_CONVERSION = YES;
				CLANG_WARN_OBJC_ROOT_CLASS = YES_ERROR;
				CLANG_WARN_QUOTED_INCLUDE_IN_FRAMEWORK_HEADER = YES;
				CLANG_WARN_RANGE_LOOP_ANALYSIS = YES;
				CLANG_WARN_STRICT_PROTOTYPES = YES;
				CLANG_WARN_SUSPICIOUS_MOVE = YES;
				CLANG_WARN_UNGUARDED_AVAILABILITY = YES_AGGRESSIVE;
				CLANG_WARN_UNREACHABLE_CODE = YES;
				CLANG_WARN__DUPLICATE_METHOD_MATCH = YES;
				COPY_PHASE_STRIP = NO;
				DEBUG_INFORMATION_FORMAT = "dwarf-with-dsym";
				ENABLE_NS_ASSERTIONS = NO;
				ENABLE_STRICT_OBJC_MSGSEND = YES;
				ENABLE_USER_SCRIPT_SANDBOXING = YES;
				GCC_C_LANGUAGE_STANDARD = gnu11;
				GCC_NO_COMMON_BLOCKS = YES;
				GCC_WARN_64_TO_32_BIT_CONVERSION = YES;
				GCC_WARN_ABOUT_RETURN_TYPE = YES_ERROR;
				GCC_WARN_UNDECLARED_SELECTOR = YES;
				GCC_WARN_UNINITIALIZED_AUTOS = YES_AGGRESSIVE;
				GCC_WARN_UNUSED_FUNCTION = YES;
				GCC_WARN_UNUSED_VARIABLE = YES;
				IPHONEOS_DEPLOYMENT_TARGET = 16.0;
				MTL_ENABLE_DEBUG_INFO = NO;
				MTL_FAST_MATH = YES;
				SDKROOT = iphoneos;
				SWIFT_COMPILATION_MODE = wholemodule;
				SWIFT_OPTIMIZATION_LEVEL = "-O";
				VALIDATE_PRODUCT = YES;
			};
			name = Release;
		};
		C6C40F8C2AB2F70A00E958C1 /* Debug */ = {
			isa = XCBuildConfiguration;
			buildSettings = {
				ASSETCATALOG_COMPILER_APPICON_NAME = AppIcon;
				ASSETCATALOG_COMPILER_GLOBAL_ACCENT_COLOR_NAME = AccentColor;
				CODE_SIGN_STYLE = Automatic;
				CURRENT_PROJECT_VERSION = 1;
				DEVELOPMENT_TEAM = 47V6B32V59;
				GENERATE_INFOPLIST_FILE = YES;
				INFOPLIST_FILE = "UX-Prototype/Info.plist";
				INFOPLIST_KEY_CFBundleDisplayName = TaskManager;
				INFOPLIST_KEY_LSApplicationCategoryType = "public.app-category.education";
				INFOPLIST_KEY_UIApplicationSupportsIndirectInputEvents = YES;
				INFOPLIST_KEY_UILaunchStoryboardName = LaunchScreen;
				INFOPLIST_KEY_UIMainStoryboardFile = Main;
				INFOPLIST_KEY_UIStatusBarStyle = "";
				INFOPLIST_KEY_UISupportedInterfaceOrientations = UIInterfaceOrientationPortrait;
				INFOPLIST_KEY_UISupportedInterfaceOrientations_iPad = "UIInterfaceOrientationLandscapeLeft UIInterfaceOrientationLandscapeRight UIInterfaceOrientationPortrait UIInterfaceOrientationPortraitUpsideDown";
				IPHONEOS_DEPLOYMENT_TARGET = 16.0;
				LD_RUNPATH_SEARCH_PATHS = (
					"$(inherited)",
					"@executable_path/Frameworks",
				);
				MARKETING_VERSION = 1.0;
				PRODUCT_BUNDLE_IDENTIFIER = "co.danielattali.UX-Prototype";
				PRODUCT_NAME = "$(TARGET_NAME)";
				SWIFT_EMIT_LOC_STRINGS = YES;
				SWIFT_VERSION = 5.0;
				TARGETED_DEVICE_FAMILY = "1,2";
			};
			name = Debug;
		};
		C6C40F8D2AB2F70A00E958C1 /* Release */ = {
			isa = XCBuildConfiguration;
			buildSettings = {
				ASSETCATALOG_COMPILER_APPICON_NAME = AppIcon;
				ASSETCATALOG_COMPILER_GLOBAL_ACCENT_COLOR_NAME = AccentColor;
				CODE_SIGN_STYLE = Automatic;
				CURRENT_PROJECT_VERSION = 1;
				DEVELOPMENT_TEAM = 47V6B32V59;
				GENERATE_INFOPLIST_FILE = YES;
				INFOPLIST_FILE = "UX-Prototype/Info.plist";
				INFOPLIST_KEY_CFBundleDisplayName = TaskManager;
				INFOPLIST_KEY_LSApplicationCategoryType = "public.app-category.education";
				INFOPLIST_KEY_UIApplicationSupportsIndirectInputEvents = YES;
				INFOPLIST_KEY_UILaunchStoryboardName = LaunchScreen;
				INFOPLIST_KEY_UIMainStoryboardFile = Main;
				INFOPLIST_KEY_UIStatusBarStyle = "";
				INFOPLIST_KEY_UISupportedInterfaceOrientations = UIInterfaceOrientationPortrait;
				INFOPLIST_KEY_UISupportedInterfaceOrientations_iPad = "UIInterfaceOrientationLandscapeLeft UIInterfaceOrientationLandscapeRight UIInterfaceOrientationPortrait UIInterfaceOrientationPortraitUpsideDown";
				IPHONEOS_DEPLOYMENT_TARGET = 16.0;
				LD_RUNPATH_SEARCH_PATHS = (
					"$(inherited)",
					"@executable_path/Frameworks",
				);
				MARKETING_VERSION = 1.0;
				PRODUCT_BUNDLE_IDENTIFIER = "co.danielattali.UX-Prototype";
				PRODUCT_NAME = "$(TARGET_NAME)";
				SWIFT_EMIT_LOC_STRINGS = YES;
				SWIFT_VERSION = 5.0;
				TARGETED_DEVICE_FAMILY = "1,2";
			};
			name = Release;
		};
/* End XCBuildConfiguration section */

/* Begin XCConfigurationList section */
		C6C40F722AB2F70700E958C1 /* Build configuration list for PBXProject "UX-Prototype" */ = {
			isa = XCConfigurationList;
			buildConfigurations = (
				C6C40F892AB2F70A00E958C1 /* Debug */,
				C6C40F8A2AB2F70A00E958C1 /* Release */,
			);
			defaultConfigurationIsVisible = 0;
			defaultConfigurationName = Release;
		};
		C6C40F8B2AB2F70A00E958C1 /* Build configuration list for PBXNativeTarget "UX-Prototype" */ = {
			isa = XCConfigurationList;
			buildConfigurations = (
				C6C40F8C2AB2F70A00E958C1 /* Debug */,
				C6C40F8D2AB2F70A00E958C1 /* Release */,
			);
			defaultConfigurationIsVisible = 0;
			defaultConfigurationName = Release;
		};
/* End XCConfigurationList section */

/* Begin XCVersionGroup section */
		C68DF9CB2AB9FE93006B0F70 /* Model.xcdatamodeld */ = {
			isa = XCVersionGroup;
			children = (
				C68DF9CC2AB9FE93006B0F70 /* Model.xcdatamodel */,
			);
			currentVersion = C68DF9CC2AB9FE93006B0F70 /* Model.xcdatamodel */;
			path = Model.xcdatamodeld;
			sourceTree = "<group>";
			versionGroupType = wrapper.xcdatamodel;
		};
/* End XCVersionGroup section */
	};
	rootObject = C6C40F6F2AB2F70700E958C1 /* Project object */;
}
